// !$*UTF8*$!
{
	archiveVersion = 1;
	classes = {
	};
	objectVersion = 46;
	objects = {

/* Begin PBXAggregateTarget section */
		CEDF6BD418F51DB7001750D3 /* Documentation */ = {
			isa = PBXAggregateTarget;
			buildConfigurationList = CEDF6BD718F51DB7001750D3 /* Build configuration list for PBXAggregateTarget "Documentation" */;
			buildPhases = (
				CEDF6BD818F51E92001750D3 /* ShellScript */,
			);
			dependencies = (
			);
			name = Documentation;
			productName = Documentation;
		};
/* End PBXAggregateTarget section */

/* Begin PBXBuildFile section */
		50845DAB18F4F1B3000813AF /* PIXUserTests.m in Sources */ = {isa = PBXBuildFile; fileRef = 50845DAA18F4F1B3000813AF /* PIXUserTests.m */; };
		619C09DA18FD1DF900325991 /* PIXFriend.m in Sources */ = {isa = PBXBuildFile; fileRef = 619C09D918FD1DF900325991 /* PIXFriend.m */; };
		619C09DD18FD235300325991 /* PIXGuestbook.m in Sources */ = {isa = PBXBuildFile; fileRef = 619C09DC18FD235300325991 /* PIXGuestbook.m */; };
		619C09E018FD237400325991 /* PIXMainpage.m in Sources */ = {isa = PBXBuildFile; fileRef = 619C09DF18FD237400325991 /* PIXMainpage.m */; };
		CE3A34E018FE53770039A1BC /* PIXCategoryTests.m in Sources */ = {isa = PBXBuildFile; fileRef = CE3A34DF18FE53770039A1BC /* PIXCategoryTests.m */; };
		CE3A34E318FE56760039A1BC /* PIXTestObjectGenerator.m in Sources */ = {isa = PBXBuildFile; fileRef = CE3A34E218FE56760039A1BC /* PIXTestObjectGenerator.m */; };
		CE46037F18F6766A00A3BF84 /* NSError+PIXCategory.m in Sources */ = {isa = PBXBuildFile; fileRef = CE46037E18F6766A00A3BF84 /* NSError+PIXCategory.m */; };
		CE46038218F6767600A3BF84 /* NSObject+PIXCategory.m in Sources */ = {isa = PBXBuildFile; fileRef = CE46038118F6767600A3BF84 /* NSObject+PIXCategory.m */; };
		CED4615A1910C1CD003A96C2 /* pixFox.jpg in Resources */ = {isa = PBXBuildFile; fileRef = CED461591910C1CD003A96C2 /* pixFox.jpg */; };
		CED4615B1910C1CD003A96C2 /* pixFox.jpg in Resources */ = {isa = PBXBuildFile; fileRef = CED461591910C1CD003A96C2 /* pixFox.jpg */; };
		CED461A11910D4A0003A96C2 /* NSArray+PIXCategory.m in Sources */ = {isa = PBXBuildFile; fileRef = CED4619E1910D4A0003A96C2 /* NSArray+PIXCategory.m */; };
		CED461A21910D4A0003A96C2 /* NSDictionary+PIXCategory.m in Sources */ = {isa = PBXBuildFile; fileRef = CED461A01910D4A0003A96C2 /* NSDictionary+PIXCategory.m */; };
		CED461A51910D4C7003A96C2 /* UserForTest.m in Sources */ = {isa = PBXBuildFile; fileRef = CED461A41910D4C7003A96C2 /* UserForTest.m */; };
		CED9CC7518DC379C00D37BA1 /* CoreLocation.framework in Frameworks */ = {isa = PBXBuildFile; fileRef = CED9CC7418DC379C00D37BA1 /* CoreLocation.framework */; };
		CEDB7C7A18D2ECF700D14D0C /* Foundation.framework in Frameworks */ = {isa = PBXBuildFile; fileRef = CEDB7C7918D2ECF700D14D0C /* Foundation.framework */; };
		CEDB7C7C18D2ECF700D14D0C /* CoreGraphics.framework in Frameworks */ = {isa = PBXBuildFile; fileRef = CEDB7C7B18D2ECF700D14D0C /* CoreGraphics.framework */; };
		CEDB7C7E18D2ECF700D14D0C /* UIKit.framework in Frameworks */ = {isa = PBXBuildFile; fileRef = CEDB7C7D18D2ECF700D14D0C /* UIKit.framework */; };
		CEDB7C8418D2ECF700D14D0C /* InfoPlist.strings in Resources */ = {isa = PBXBuildFile; fileRef = CEDB7C8218D2ECF700D14D0C /* InfoPlist.strings */; };
		CEDB7C8618D2ECF700D14D0C /* main.m in Sources */ = {isa = PBXBuildFile; fileRef = CEDB7C8518D2ECF700D14D0C /* main.m */; };
		CEDB7C8A18D2ECF700D14D0C /* AppDelegate.m in Sources */ = {isa = PBXBuildFile; fileRef = CEDB7C8918D2ECF700D14D0C /* AppDelegate.m */; };
		CEDB7C8C18D2ECF700D14D0C /* Images.xcassets in Resources */ = {isa = PBXBuildFile; fileRef = CEDB7C8B18D2ECF700D14D0C /* Images.xcassets */; };
		CEDB7C9318D2ECF700D14D0C /* XCTest.framework in Frameworks */ = {isa = PBXBuildFile; fileRef = CEDB7C9218D2ECF700D14D0C /* XCTest.framework */; };
		CEDB7C9418D2ECF700D14D0C /* Foundation.framework in Frameworks */ = {isa = PBXBuildFile; fileRef = CEDB7C7918D2ECF700D14D0C /* Foundation.framework */; };
		CEDB7C9518D2ECF700D14D0C /* UIKit.framework in Frameworks */ = {isa = PBXBuildFile; fileRef = CEDB7C7D18D2ECF700D14D0C /* UIKit.framework */; };
		CEDB7C9D18D2ECF700D14D0C /* InfoPlist.strings in Resources */ = {isa = PBXBuildFile; fileRef = CEDB7C9B18D2ECF700D14D0C /* InfoPlist.strings */; };
		CEDCD0E918F3ABF700B32ACC /* PIXNETSDK.m in Sources */ = {isa = PBXBuildFile; fileRef = CEDCD0E818F3ABF700B32ACC /* PIXNETSDK.m */; };
		CEDCD0EE18F3AC5400B32ACC /* PIXAlbum.m in Sources */ = {isa = PBXBuildFile; fileRef = CEDCD0EB18F3AC5400B32ACC /* PIXAlbum.m */; };
		CEDCD0EF18F3AC5400B32ACC /* PIXBlog.m in Sources */ = {isa = PBXBuildFile; fileRef = CEDCD0ED18F3AC5400B32ACC /* PIXBlog.m */; };
		CEDCD0FB18F3AD6800B32ACC /* NSMutableURLRequest+PIXCategory.m in Sources */ = {isa = PBXBuildFile; fileRef = CEDCD0F418F3AD6800B32ACC /* NSMutableURLRequest+PIXCategory.m */; };
		CEDCD0FC18F3AD6800B32ACC /* OARequestParameter.m in Sources */ = {isa = PBXBuildFile; fileRef = CEDCD0F618F3AD6800B32ACC /* OARequestParameter.m */; };
		CEDCD0FD18F3AD6800B32ACC /* PIXAPIHandler.m in Sources */ = {isa = PBXBuildFile; fileRef = CEDCD0F818F3AD6800B32ACC /* PIXAPIHandler.m */; };
		CEDCD0FE18F3AD6800B32ACC /* PIXCredentialStorage.m in Sources */ = {isa = PBXBuildFile; fileRef = CEDCD0FA18F3AD6800B32ACC /* PIXCredentialStorage.m */; };
		CEDCD10118F3AD7E00B32ACC /* PIXUser.m in Sources */ = {isa = PBXBuildFile; fileRef = CEDCD10018F3AD7E00B32ACC /* PIXUser.m */; };
		CEE68D8B18FF6A64004AE5FC /* PIXAlbumTests.m in Sources */ = {isa = PBXBuildFile; fileRef = CEE68D8A18FF6A64004AE5FC /* PIXAlbumTests.m */; };
		D2C300279399403B84D4742C /* libPods.a in Frameworks */ = {isa = PBXBuildFile; fileRef = 9CDB24BB1BB342F89ED09330 /* libPods.a */; };
/* End PBXBuildFile section */

/* Begin PBXContainerItemProxy section */
		CEDB7C9618D2ECF700D14D0C /* PBXContainerItemProxy */ = {
			isa = PBXContainerItemProxy;
			containerPortal = CEDB7C6E18D2ECF700D14D0C /* Project object */;
			proxyType = 1;
			remoteGlobalIDString = CEDB7C7518D2ECF700D14D0C;
			remoteInfo = "PIXNET-iOS-SDK";
		};
/* End PBXContainerItemProxy section */

/* Begin PBXFileReference section */
		4B01D00FE656426F9CE16160 /* Pods.xcconfig */ = {isa = PBXFileReference; includeInIndex = 1; lastKnownFileType = text.xcconfig; name = Pods.xcconfig; path = Pods/Pods.xcconfig; sourceTree = "<group>"; };
		50845DAA18F4F1B3000813AF /* PIXUserTests.m */ = {isa = PBXFileReference; fileEncoding = 4; lastKnownFileType = sourcecode.c.objc; path = PIXUserTests.m; sourceTree = "<group>"; };
		619C09D818FD1DF900325991 /* PIXFriend.h */ = {isa = PBXFileReference; fileEncoding = 4; lastKnownFileType = sourcecode.c.h; name = PIXFriend.h; path = Classes/PIXFriend.h; sourceTree = "<group>"; };
		619C09D918FD1DF900325991 /* PIXFriend.m */ = {isa = PBXFileReference; fileEncoding = 4; lastKnownFileType = sourcecode.c.objc; name = PIXFriend.m; path = Classes/PIXFriend.m; sourceTree = "<group>"; };
		619C09DB18FD235300325991 /* PIXGuestbook.h */ = {isa = PBXFileReference; fileEncoding = 4; lastKnownFileType = sourcecode.c.h; name = PIXGuestbook.h; path = Classes/PIXGuestbook.h; sourceTree = "<group>"; };
		619C09DC18FD235300325991 /* PIXGuestbook.m */ = {isa = PBXFileReference; fileEncoding = 4; lastKnownFileType = sourcecode.c.objc; name = PIXGuestbook.m; path = Classes/PIXGuestbook.m; sourceTree = "<group>"; };
		619C09DE18FD237400325991 /* PIXMainpage.h */ = {isa = PBXFileReference; fileEncoding = 4; lastKnownFileType = sourcecode.c.h; name = PIXMainpage.h; path = Classes/PIXMainpage.h; sourceTree = "<group>"; };
		619C09DF18FD237400325991 /* PIXMainpage.m */ = {isa = PBXFileReference; fileEncoding = 4; lastKnownFileType = sourcecode.c.objc; name = PIXMainpage.m; path = Classes/PIXMainpage.m; sourceTree = "<group>"; };
		9CDB24BB1BB342F89ED09330 /* libPods.a */ = {isa = PBXFileReference; explicitFileType = archive.ar; includeInIndex = 0; path = libPods.a; sourceTree = BUILT_PRODUCTS_DIR; };
		CE3A34DF18FE53770039A1BC /* PIXCategoryTests.m */ = {isa = PBXFileReference; fileEncoding = 4; lastKnownFileType = sourcecode.c.objc; path = PIXCategoryTests.m; sourceTree = "<group>"; };
		CE3A34E118FE56760039A1BC /* PIXTestObjectGenerator.h */ = {isa = PBXFileReference; fileEncoding = 4; lastKnownFileType = sourcecode.c.h; path = PIXTestObjectGenerator.h; sourceTree = "<group>"; };
		CE3A34E218FE56760039A1BC /* PIXTestObjectGenerator.m */ = {isa = PBXFileReference; fileEncoding = 4; lastKnownFileType = sourcecode.c.objc; path = PIXTestObjectGenerator.m; sourceTree = "<group>"; };
		CE46037D18F6766A00A3BF84 /* NSError+PIXCategory.h */ = {isa = PBXFileReference; fileEncoding = 4; lastKnownFileType = sourcecode.c.h; name = "NSError+PIXCategory.h"; path = "Classes/NSError+PIXCategory.h"; sourceTree = "<group>"; };
		CE46037E18F6766A00A3BF84 /* NSError+PIXCategory.m */ = {isa = PBXFileReference; fileEncoding = 4; lastKnownFileType = sourcecode.c.objc; name = "NSError+PIXCategory.m"; path = "Classes/NSError+PIXCategory.m"; sourceTree = "<group>"; };
		CE46038018F6767600A3BF84 /* NSObject+PIXCategory.h */ = {isa = PBXFileReference; fileEncoding = 4; lastKnownFileType = sourcecode.c.h; name = "NSObject+PIXCategory.h"; path = "Classes/NSObject+PIXCategory.h"; sourceTree = "<group>"; };
		CE46038118F6767600A3BF84 /* NSObject+PIXCategory.m */ = {isa = PBXFileReference; fileEncoding = 4; lastKnownFileType = sourcecode.c.objc; name = "NSObject+PIXCategory.m"; path = "Classes/NSObject+PIXCategory.m"; sourceTree = "<group>"; };
		CED461591910C1CD003A96C2 /* pixFox.jpg */ = {isa = PBXFileReference; lastKnownFileType = image.jpeg; path = pixFox.jpg; sourceTree = "<group>"; };
		CED4619D1910D4A0003A96C2 /* NSArray+PIXCategory.h */ = {isa = PBXFileReference; fileEncoding = 4; lastKnownFileType = sourcecode.c.h; name = "NSArray+PIXCategory.h"; path = "Classes/NSArray+PIXCategory.h"; sourceTree = "<group>"; };
		CED4619E1910D4A0003A96C2 /* NSArray+PIXCategory.m */ = {isa = PBXFileReference; fileEncoding = 4; lastKnownFileType = sourcecode.c.objc; name = "NSArray+PIXCategory.m"; path = "Classes/NSArray+PIXCategory.m"; sourceTree = "<group>"; };
		CED4619F1910D4A0003A96C2 /* NSDictionary+PIXCategory.h */ = {isa = PBXFileReference; fileEncoding = 4; lastKnownFileType = sourcecode.c.h; name = "NSDictionary+PIXCategory.h"; path = "Classes/NSDictionary+PIXCategory.h"; sourceTree = "<group>"; };
		CED461A01910D4A0003A96C2 /* NSDictionary+PIXCategory.m */ = {isa = PBXFileReference; fileEncoding = 4; lastKnownFileType = sourcecode.c.objc; name = "NSDictionary+PIXCategory.m"; path = "Classes/NSDictionary+PIXCategory.m"; sourceTree = "<group>"; };
		CED461A31910D4C7003A96C2 /* UserForTest.h */ = {isa = PBXFileReference; fileEncoding = 4; lastKnownFileType = sourcecode.c.h; path = UserForTest.h; sourceTree = "<group>"; };
		CED461A41910D4C7003A96C2 /* UserForTest.m */ = {isa = PBXFileReference; fileEncoding = 4; lastKnownFileType = sourcecode.c.objc; path = UserForTest.m; sourceTree = "<group>"; };
		CED9CC7418DC379C00D37BA1 /* CoreLocation.framework */ = {isa = PBXFileReference; lastKnownFileType = wrapper.framework; name = CoreLocation.framework; path = System/Library/Frameworks/CoreLocation.framework; sourceTree = SDKROOT; };
		CEDB7C7618D2ECF700D14D0C /* PIXNET-iOS-SDK.app */ = {isa = PBXFileReference; explicitFileType = wrapper.application; includeInIndex = 0; path = "PIXNET-iOS-SDK.app"; sourceTree = BUILT_PRODUCTS_DIR; };
		CEDB7C7918D2ECF700D14D0C /* Foundation.framework */ = {isa = PBXFileReference; lastKnownFileType = wrapper.framework; name = Foundation.framework; path = System/Library/Frameworks/Foundation.framework; sourceTree = SDKROOT; };
		CEDB7C7B18D2ECF700D14D0C /* CoreGraphics.framework */ = {isa = PBXFileReference; lastKnownFileType = wrapper.framework; name = CoreGraphics.framework; path = System/Library/Frameworks/CoreGraphics.framework; sourceTree = SDKROOT; };
		CEDB7C7D18D2ECF700D14D0C /* UIKit.framework */ = {isa = PBXFileReference; lastKnownFileType = wrapper.framework; name = UIKit.framework; path = System/Library/Frameworks/UIKit.framework; sourceTree = SDKROOT; };
		CEDB7C8118D2ECF700D14D0C /* PIXNET-iOS-SDK-Info.plist */ = {isa = PBXFileReference; lastKnownFileType = text.plist.xml; path = "PIXNET-iOS-SDK-Info.plist"; sourceTree = "<group>"; };
		CEDB7C8318D2ECF700D14D0C /* en */ = {isa = PBXFileReference; lastKnownFileType = text.plist.strings; name = en; path = en.lproj/InfoPlist.strings; sourceTree = "<group>"; };
		CEDB7C8518D2ECF700D14D0C /* main.m */ = {isa = PBXFileReference; lastKnownFileType = sourcecode.c.objc; path = main.m; sourceTree = "<group>"; };
		CEDB7C8718D2ECF700D14D0C /* PIXNET-iOS-SDK-Prefix.pch */ = {isa = PBXFileReference; lastKnownFileType = sourcecode.c.h; path = "PIXNET-iOS-SDK-Prefix.pch"; sourceTree = "<group>"; };
		CEDB7C8818D2ECF700D14D0C /* AppDelegate.h */ = {isa = PBXFileReference; lastKnownFileType = sourcecode.c.h; path = AppDelegate.h; sourceTree = "<group>"; };
		CEDB7C8918D2ECF700D14D0C /* AppDelegate.m */ = {isa = PBXFileReference; lastKnownFileType = sourcecode.c.objc; path = AppDelegate.m; sourceTree = "<group>"; };
		CEDB7C8B18D2ECF700D14D0C /* Images.xcassets */ = {isa = PBXFileReference; lastKnownFileType = folder.assetcatalog; path = Images.xcassets; sourceTree = "<group>"; };
		CEDB7C9118D2ECF700D14D0C /* PIXNET-iOS-SDKTests.xctest */ = {isa = PBXFileReference; explicitFileType = wrapper.cfbundle; includeInIndex = 0; path = "PIXNET-iOS-SDKTests.xctest"; sourceTree = BUILT_PRODUCTS_DIR; };
		CEDB7C9218D2ECF700D14D0C /* XCTest.framework */ = {isa = PBXFileReference; lastKnownFileType = wrapper.framework; name = XCTest.framework; path = Library/Frameworks/XCTest.framework; sourceTree = DEVELOPER_DIR; };
		CEDB7C9A18D2ECF700D14D0C /* PIXNET-iOS-SDKTests-Info.plist */ = {isa = PBXFileReference; lastKnownFileType = text.plist.xml; path = "PIXNET-iOS-SDKTests-Info.plist"; sourceTree = "<group>"; };
		CEDB7C9C18D2ECF700D14D0C /* en */ = {isa = PBXFileReference; lastKnownFileType = text.plist.strings; name = en; path = en.lproj/InfoPlist.strings; sourceTree = "<group>"; };
		CEDCD0E718F3ABF700B32ACC /* PIXNETSDK.h */ = {isa = PBXFileReference; fileEncoding = 4; lastKnownFileType = sourcecode.c.h; name = PIXNETSDK.h; path = Classes/PIXNETSDK.h; sourceTree = "<group>"; };
		CEDCD0E818F3ABF700B32ACC /* PIXNETSDK.m */ = {isa = PBXFileReference; fileEncoding = 4; lastKnownFileType = sourcecode.c.objc; name = PIXNETSDK.m; path = Classes/PIXNETSDK.m; sourceTree = "<group>"; };
		CEDCD0EA18F3AC5400B32ACC /* PIXAlbum.h */ = {isa = PBXFileReference; fileEncoding = 4; lastKnownFileType = sourcecode.c.h; name = PIXAlbum.h; path = Classes/PIXAlbum.h; sourceTree = "<group>"; };
		CEDCD0EB18F3AC5400B32ACC /* PIXAlbum.m */ = {isa = PBXFileReference; fileEncoding = 4; lastKnownFileType = sourcecode.c.objc; name = PIXAlbum.m; path = Classes/PIXAlbum.m; sourceTree = "<group>"; };
		CEDCD0EC18F3AC5400B32ACC /* PIXBlog.h */ = {isa = PBXFileReference; fileEncoding = 4; lastKnownFileType = sourcecode.c.h; name = PIXBlog.h; path = Classes/PIXBlog.h; sourceTree = "<group>"; };
		CEDCD0ED18F3AC5400B32ACC /* PIXBlog.m */ = {isa = PBXFileReference; fileEncoding = 4; lastKnownFileType = sourcecode.c.objc; name = PIXBlog.m; path = Classes/PIXBlog.m; sourceTree = "<group>"; };
		CEDCD0F318F3AD6800B32ACC /* NSMutableURLRequest+PIXCategory.h */ = {isa = PBXFileReference; fileEncoding = 4; lastKnownFileType = sourcecode.c.h; name = "NSMutableURLRequest+PIXCategory.h"; path = "Classes/NSMutableURLRequest+PIXCategory.h"; sourceTree = "<group>"; };
		CEDCD0F418F3AD6800B32ACC /* NSMutableURLRequest+PIXCategory.m */ = {isa = PBXFileReference; fileEncoding = 4; lastKnownFileType = sourcecode.c.objc; name = "NSMutableURLRequest+PIXCategory.m"; path = "Classes/NSMutableURLRequest+PIXCategory.m"; sourceTree = "<group>"; };
		CEDCD0F518F3AD6800B32ACC /* OARequestParameter.h */ = {isa = PBXFileReference; fileEncoding = 4; lastKnownFileType = sourcecode.c.h; name = OARequestParameter.h; path = Classes/OARequestParameter.h; sourceTree = "<group>"; };
		CEDCD0F618F3AD6800B32ACC /* OARequestParameter.m */ = {isa = PBXFileReference; fileEncoding = 4; lastKnownFileType = sourcecode.c.objc; name = OARequestParameter.m; path = Classes/OARequestParameter.m; sourceTree = "<group>"; };
		CEDCD0F718F3AD6800B32ACC /* PIXAPIHandler.h */ = {isa = PBXFileReference; fileEncoding = 4; lastKnownFileType = sourcecode.c.h; name = PIXAPIHandler.h; path = Classes/PIXAPIHandler.h; sourceTree = "<group>"; };
		CEDCD0F818F3AD6800B32ACC /* PIXAPIHandler.m */ = {isa = PBXFileReference; fileEncoding = 4; lastKnownFileType = sourcecode.c.objc; name = PIXAPIHandler.m; path = Classes/PIXAPIHandler.m; sourceTree = "<group>"; };
		CEDCD0F918F3AD6800B32ACC /* PIXCredentialStorage.h */ = {isa = PBXFileReference; fileEncoding = 4; lastKnownFileType = sourcecode.c.h; name = PIXCredentialStorage.h; path = Classes/PIXCredentialStorage.h; sourceTree = "<group>"; };
		CEDCD0FA18F3AD6800B32ACC /* PIXCredentialStorage.m */ = {isa = PBXFileReference; fileEncoding = 4; lastKnownFileType = sourcecode.c.objc; name = PIXCredentialStorage.m; path = Classes/PIXCredentialStorage.m; sourceTree = "<group>"; };
		CEDCD0FF18F3AD7E00B32ACC /* PIXUser.h */ = {isa = PBXFileReference; fileEncoding = 4; lastKnownFileType = sourcecode.c.h; name = PIXUser.h; path = Classes/PIXUser.h; sourceTree = "<group>"; };
		CEDCD10018F3AD7E00B32ACC /* PIXUser.m */ = {isa = PBXFileReference; fileEncoding = 4; lastKnownFileType = sourcecode.c.objc; name = PIXUser.m; path = Classes/PIXUser.m; sourceTree = "<group>"; };
		CEE68D8A18FF6A64004AE5FC /* PIXAlbumTests.m */ = {isa = PBXFileReference; fileEncoding = 4; lastKnownFileType = sourcecode.c.objc; path = PIXAlbumTests.m; sourceTree = "<group>"; };
/* End PBXFileReference section */

/* Begin PBXFrameworksBuildPhase section */
		CEDB7C7318D2ECF700D14D0C /* Frameworks */ = {
			isa = PBXFrameworksBuildPhase;
			buildActionMask = 2147483647;
			files = (
				CED9CC7518DC379C00D37BA1 /* CoreLocation.framework in Frameworks */,
				CEDB7C7C18D2ECF700D14D0C /* CoreGraphics.framework in Frameworks */,
				CEDB7C7E18D2ECF700D14D0C /* UIKit.framework in Frameworks */,
				CEDB7C7A18D2ECF700D14D0C /* Foundation.framework in Frameworks */,
				D2C300279399403B84D4742C /* libPods.a in Frameworks */,
			);
			runOnlyForDeploymentPostprocessing = 0;
		};
		CEDB7C8E18D2ECF700D14D0C /* Frameworks */ = {
			isa = PBXFrameworksBuildPhase;
			buildActionMask = 2147483647;
			files = (
				CEDB7C9318D2ECF700D14D0C /* XCTest.framework in Frameworks */,
				CEDB7C9518D2ECF700D14D0C /* UIKit.framework in Frameworks */,
				CEDB7C9418D2ECF700D14D0C /* Foundation.framework in Frameworks */,
			);
			runOnlyForDeploymentPostprocessing = 0;
		};
/* End PBXFrameworksBuildPhase section */

/* Begin PBXGroup section */
		CEDB7C6D18D2ECF700D14D0C = {
			isa = PBXGroup;
			children = (
				CEDB7CA818D2F7A600D14D0C /* Classes */,
				CEDB7C7F18D2ECF700D14D0C /* PIXNET-iOS-SDK */,
				CEDB7C9818D2ECF700D14D0C /* PIXNET-iOS-SDKTests */,
				CEDB7C7818D2ECF700D14D0C /* Frameworks */,
				CEDB7C7718D2ECF700D14D0C /* Products */,
				4B01D00FE656426F9CE16160 /* Pods.xcconfig */,
			);
			sourceTree = "<group>";
		};
		CEDB7C7718D2ECF700D14D0C /* Products */ = {
			isa = PBXGroup;
			children = (
				CEDB7C7618D2ECF700D14D0C /* PIXNET-iOS-SDK.app */,
				CEDB7C9118D2ECF700D14D0C /* PIXNET-iOS-SDKTests.xctest */,
			);
			name = Products;
			sourceTree = "<group>";
		};
		CEDB7C7818D2ECF700D14D0C /* Frameworks */ = {
			isa = PBXGroup;
			children = (
				CED9CC7418DC379C00D37BA1 /* CoreLocation.framework */,
				CEDB7C7918D2ECF700D14D0C /* Foundation.framework */,
				CEDB7C7B18D2ECF700D14D0C /* CoreGraphics.framework */,
				CEDB7C7D18D2ECF700D14D0C /* UIKit.framework */,
				CEDB7C9218D2ECF700D14D0C /* XCTest.framework */,
				9CDB24BB1BB342F89ED09330 /* libPods.a */,
			);
			name = Frameworks;
			sourceTree = "<group>";
		};
		CEDB7C7F18D2ECF700D14D0C /* PIXNET-iOS-SDK */ = {
			isa = PBXGroup;
			children = (
				CEDB7C8818D2ECF700D14D0C /* AppDelegate.h */,
				CEDB7C8918D2ECF700D14D0C /* AppDelegate.m */,
				CEDB7C8B18D2ECF700D14D0C /* Images.xcassets */,
				CEDB7C8018D2ECF700D14D0C /* Supporting Files */,
			);
			path = "PIXNET-iOS-SDK";
			sourceTree = "<group>";
		};
		CEDB7C8018D2ECF700D14D0C /* Supporting Files */ = {
			isa = PBXGroup;
			children = (
				CEDB7C8118D2ECF700D14D0C /* PIXNET-iOS-SDK-Info.plist */,
				CEDB7C8218D2ECF700D14D0C /* InfoPlist.strings */,
				CEDB7C8518D2ECF700D14D0C /* main.m */,
				CEDB7C8718D2ECF700D14D0C /* PIXNET-iOS-SDK-Prefix.pch */,
			);
			name = "Supporting Files";
			sourceTree = "<group>";
		};
		CEDB7C9818D2ECF700D14D0C /* PIXNET-iOS-SDKTests */ = {
			isa = PBXGroup;
			children = (
				CEDB7C9918D2ECF700D14D0C /* Supporting Files */,
				50845DAA18F4F1B3000813AF /* PIXUserTests.m */,
				CED461A31910D4C7003A96C2 /* UserForTest.h */,
				CED461A41910D4C7003A96C2 /* UserForTest.m */,
				CE3A34DF18FE53770039A1BC /* PIXCategoryTests.m */,
				CEE68D8A18FF6A64004AE5FC /* PIXAlbumTests.m */,
				CED461591910C1CD003A96C2 /* pixFox.jpg */,
				CE3A34E118FE56760039A1BC /* PIXTestObjectGenerator.h */,
				CE3A34E218FE56760039A1BC /* PIXTestObjectGenerator.m */,
			);
			path = "PIXNET-iOS-SDKTests";
			sourceTree = "<group>";
		};
		CEDB7C9918D2ECF700D14D0C /* Supporting Files */ = {
			isa = PBXGroup;
			children = (
				CEDB7C9A18D2ECF700D14D0C /* PIXNET-iOS-SDKTests-Info.plist */,
				CEDB7C9B18D2ECF700D14D0C /* InfoPlist.strings */,
			);
			name = "Supporting Files";
			sourceTree = "<group>";
		};
		CEDB7CA818D2F7A600D14D0C /* Classes */ = {
			isa = PBXGroup;
			children = (
				CEDCD0E718F3ABF700B32ACC /* PIXNETSDK.h */,
				CEDCD0E818F3ABF700B32ACC /* PIXNETSDK.m */,
				CEDB7CB318D2F83B00D14D0C /* APIHandle */,
				CEDB7CB218D2F82300D14D0C /* NetworkHandle */,
			);
			name = Classes;
			sourceTree = "<group>";
		};
		CEDB7CB218D2F82300D14D0C /* NetworkHandle */ = {
			isa = PBXGroup;
			children = (
				CED4619D1910D4A0003A96C2 /* NSArray+PIXCategory.h */,
				CED4619E1910D4A0003A96C2 /* NSArray+PIXCategory.m */,
				CED4619F1910D4A0003A96C2 /* NSDictionary+PIXCategory.h */,
				CED461A01910D4A0003A96C2 /* NSDictionary+PIXCategory.m */,
				CEDCD0F318F3AD6800B32ACC /* NSMutableURLRequest+PIXCategory.h */,
				CEDCD0F418F3AD6800B32ACC /* NSMutableURLRequest+PIXCategory.m */,
				CEDCD0F518F3AD6800B32ACC /* OARequestParameter.h */,
				CEDCD0F618F3AD6800B32ACC /* OARequestParameter.m */,
				CEDCD0F718F3AD6800B32ACC /* PIXAPIHandler.h */,
				CEDCD0F818F3AD6800B32ACC /* PIXAPIHandler.m */,
				CEDCD0F918F3AD6800B32ACC /* PIXCredentialStorage.h */,
				CEDCD0FA18F3AD6800B32ACC /* PIXCredentialStorage.m */,
				CE46037D18F6766A00A3BF84 /* NSError+PIXCategory.h */,
				CE46037E18F6766A00A3BF84 /* NSError+PIXCategory.m */,
			);
			name = NetworkHandle;
			sourceTree = "<group>";
		};
		CEDB7CB318D2F83B00D14D0C /* APIHandle */ = {
			isa = PBXGroup;
			children = (
				CEDCD0FF18F3AD7E00B32ACC /* PIXUser.h */,
				CEDCD10018F3AD7E00B32ACC /* PIXUser.m */,
				CEDCD0EA18F3AC5400B32ACC /* PIXAlbum.h */,
				CEDCD0EB18F3AC5400B32ACC /* PIXAlbum.m */,
				CEDCD0EC18F3AC5400B32ACC /* PIXBlog.h */,
				CEDCD0ED18F3AC5400B32ACC /* PIXBlog.m */,
				CE46038018F6767600A3BF84 /* NSObject+PIXCategory.h */,
				CE46038118F6767600A3BF84 /* NSObject+PIXCategory.m */,
				619C09D818FD1DF900325991 /* PIXFriend.h */,
				619C09D918FD1DF900325991 /* PIXFriend.m */,
				619C09DB18FD235300325991 /* PIXGuestbook.h */,
				619C09DC18FD235300325991 /* PIXGuestbook.m */,
				619C09DE18FD237400325991 /* PIXMainpage.h */,
				619C09DF18FD237400325991 /* PIXMainpage.m */,
			);
			name = APIHandle;
			sourceTree = "<group>";
		};
/* End PBXGroup section */

/* Begin PBXNativeTarget section */
		CEDB7C7518D2ECF700D14D0C /* PIXNET-iOS-SDK */ = {
			isa = PBXNativeTarget;
			buildConfigurationList = CEDB7CA218D2ECF700D14D0C /* Build configuration list for PBXNativeTarget "PIXNET-iOS-SDK" */;
			buildPhases = (
				6B1788342F364ABEA90596A8 /* Check Pods Manifest.lock */,
				CEDB7C7218D2ECF700D14D0C /* Sources */,
				CEDB7C7318D2ECF700D14D0C /* Frameworks */,
				CEDB7C7418D2ECF700D14D0C /* Resources */,
				49B1C38622254F81AD98762E /* Copy Pods Resources */,
			);
			buildRules = (
			);
			dependencies = (
			);
			name = "PIXNET-iOS-SDK";
			productName = "PIXNET-iOS-SDK";
			productReference = CEDB7C7618D2ECF700D14D0C /* PIXNET-iOS-SDK.app */;
			productType = "com.apple.product-type.application";
		};
		CEDB7C9018D2ECF700D14D0C /* PIXNET-iOS-SDKTests */ = {
			isa = PBXNativeTarget;
			buildConfigurationList = CEDB7CA518D2ECF700D14D0C /* Build configuration list for PBXNativeTarget "PIXNET-iOS-SDKTests" */;
			buildPhases = (
				CEDB7C8D18D2ECF700D14D0C /* Sources */,
				CEDB7C8E18D2ECF700D14D0C /* Frameworks */,
				CEDB7C8F18D2ECF700D14D0C /* Resources */,
			);
			buildRules = (
			);
			dependencies = (
				CEDB7C9718D2ECF700D14D0C /* PBXTargetDependency */,
			);
			name = "PIXNET-iOS-SDKTests";
			productName = "PIXNET-iOS-SDKTests";
			productReference = CEDB7C9118D2ECF700D14D0C /* PIXNET-iOS-SDKTests.xctest */;
			productType = "com.apple.product-type.bundle.unit-test";
		};
/* End PBXNativeTarget section */

/* Begin PBXProject section */
		CEDB7C6E18D2ECF700D14D0C /* Project object */ = {
			isa = PBXProject;
			attributes = {
				LastUpgradeCheck = 0510;
				ORGANIZATIONNAME = "Dolphin Su";
				TargetAttributes = {
					CEDB7C9018D2ECF700D14D0C = {
						TestTargetID = CEDB7C7518D2ECF700D14D0C;
					};
				};
			};
			buildConfigurationList = CEDB7C7118D2ECF700D14D0C /* Build configuration list for PBXProject "PIXNET-iOS-SDK" */;
			compatibilityVersion = "Xcode 3.2";
			developmentRegion = English;
			hasScannedForEncodings = 0;
			knownRegions = (
				en,
			);
			mainGroup = CEDB7C6D18D2ECF700D14D0C;
			productRefGroup = CEDB7C7718D2ECF700D14D0C /* Products */;
			projectDirPath = "";
			projectRoot = "";
			targets = (
				CEDB7C7518D2ECF700D14D0C /* PIXNET-iOS-SDK */,
				CEDB7C9018D2ECF700D14D0C /* PIXNET-iOS-SDKTests */,
				CEDF6BD418F51DB7001750D3 /* Documentation */,
			);
		};
/* End PBXProject section */

/* Begin PBXResourcesBuildPhase section */
		CEDB7C7418D2ECF700D14D0C /* Resources */ = {
			isa = PBXResourcesBuildPhase;
			buildActionMask = 2147483647;
			files = (
				CEDB7C8418D2ECF700D14D0C /* InfoPlist.strings in Resources */,
				CED4615A1910C1CD003A96C2 /* pixFox.jpg in Resources */,
				CEDB7C8C18D2ECF700D14D0C /* Images.xcassets in Resources */,
			);
			runOnlyForDeploymentPostprocessing = 0;
		};
		CEDB7C8F18D2ECF700D14D0C /* Resources */ = {
			isa = PBXResourcesBuildPhase;
			buildActionMask = 2147483647;
			files = (
				CEDB7C9D18D2ECF700D14D0C /* InfoPlist.strings in Resources */,
				CED4615B1910C1CD003A96C2 /* pixFox.jpg in Resources */,
			);
			runOnlyForDeploymentPostprocessing = 0;
		};
/* End PBXResourcesBuildPhase section */

/* Begin PBXShellScriptBuildPhase section */
		49B1C38622254F81AD98762E /* Copy Pods Resources */ = {
			isa = PBXShellScriptBuildPhase;
			buildActionMask = 2147483647;
			files = (
			);
			inputPaths = (
			);
			name = "Copy Pods Resources";
			outputPaths = (
			);
			runOnlyForDeploymentPostprocessing = 0;
			shellPath = /bin/sh;
			shellScript = "\"${SRCROOT}/Pods/Pods-resources.sh\"\n";
			showEnvVarsInLog = 0;
		};
		6B1788342F364ABEA90596A8 /* Check Pods Manifest.lock */ = {
			isa = PBXShellScriptBuildPhase;
			buildActionMask = 2147483647;
			files = (
			);
			inputPaths = (
			);
			name = "Check Pods Manifest.lock";
			outputPaths = (
			);
			runOnlyForDeploymentPostprocessing = 0;
			shellPath = /bin/sh;
			shellScript = "diff \"${PODS_ROOT}/../Podfile.lock\" \"${PODS_ROOT}/Manifest.lock\" > /dev/null\nif [[ $? != 0 ]] ; then\n    cat << EOM\nerror: The sandbox is not in sync with the Podfile.lock. Run 'pod install' or update your CocoaPods installation.\nEOM\n    exit 1\nfi\n";
			showEnvVarsInLog = 0;
		};
		CEDF6BD818F51E92001750D3 /* ShellScript */ = {
			isa = PBXShellScriptBuildPhase;
			buildActionMask = 2147483647;
			files = (
			);
			inputPaths = (
			);
			outputPaths = (
			);
			runOnlyForDeploymentPostprocessing = 0;
			shellPath = /bin/sh;
			shellScript = "#appledoc Xcode script\n# Start constants\ncompany=\"PIXNET\";\ncompanyID=\"net.pixnet\";\ncompanyURL=\"http://www.pixnet.net/\";\ntarget=\"iphoneos\";\n#target=\"macosx\";\noutputPath=\"~/help\";\n# End constants\n/usr/local/bin/appledoc \\\n--project-name \"${PROJECT_NAME}\" \\\n--project-company \"${company}\" \\\n--company-id \"${companyID}\" \\\n--docset-atom-filename \"${company}.atom\" \\\n--docset-feed-url \"${companyURL}/${company}/%DOCSETATOMFILENAME\" \\\n--docset-package-url \"${companyURL}/${company}/%DOCSETPACKAGEFILENAME\" \\\n--docset-fallback-url \"${companyURL}/${company}\" \\\n--output \"${outputPath}\" \\\n--publish-docset \\\n--docset-platform-family \"${target}\" \\\n--logformat xcode \\\n--keep-intermediate-files \\\n--no-repeat-first-par \\\n--no-warn-invalid-crossref \\\n--exit-threshold 2 \\\n--ignore \"*.m\" \\\n\"${PROJECT_DIR}\"";
		};
/* End PBXShellScriptBuildPhase section */

/* Begin PBXSourcesBuildPhase section */
		CEDB7C7218D2ECF700D14D0C /* Sources */ = {
			isa = PBXSourcesBuildPhase;
			buildActionMask = 2147483647;
			files = (
				CE46038218F6767600A3BF84 /* NSObject+PIXCategory.m in Sources */,
				CEDCD0FE18F3AD6800B32ACC /* PIXCredentialStorage.m in Sources */,
				CEDB7C8A18D2ECF700D14D0C /* AppDelegate.m in Sources */,
				CEDCD0EF18F3AC5400B32ACC /* PIXBlog.m in Sources */,
				CEDCD0E918F3ABF700B32ACC /* PIXNETSDK.m in Sources */,
				619C09E018FD237400325991 /* PIXMainpage.m in Sources */,
				CED461A21910D4A0003A96C2 /* NSDictionary+PIXCategory.m in Sources */,
				CEDCD10118F3AD7E00B32ACC /* PIXUser.m in Sources */,
				CEDCD0FB18F3AD6800B32ACC /* NSMutableURLRequest+PIXCategory.m in Sources */,
				619C09DA18FD1DF900325991 /* PIXFriend.m in Sources */,
				CE46037F18F6766A00A3BF84 /* NSError+PIXCategory.m in Sources */,
				CED461A11910D4A0003A96C2 /* NSArray+PIXCategory.m in Sources */,
				CEDCD0EE18F3AC5400B32ACC /* PIXAlbum.m in Sources */,
				CEDCD0FC18F3AD6800B32ACC /* OARequestParameter.m in Sources */,
				619C09DD18FD235300325991 /* PIXGuestbook.m in Sources */,
				CEDCD0FD18F3AD6800B32ACC /* PIXAPIHandler.m in Sources */,
				CEDB7C8618D2ECF700D14D0C /* main.m in Sources */,
			);
			runOnlyForDeploymentPostprocessing = 0;
		};
		CEDB7C8D18D2ECF700D14D0C /* Sources */ = {
			isa = PBXSourcesBuildPhase;
			buildActionMask = 2147483647;
			files = (
				CED461A51910D4C7003A96C2 /* UserForTest.m in Sources */,
				50845DAB18F4F1B3000813AF /* PIXUserTests.m in Sources */,
				CE3A34E318FE56760039A1BC /* PIXTestObjectGenerator.m in Sources */,
				CE3A34E018FE53770039A1BC /* PIXCategoryTests.m in Sources */,
				CEE68D8B18FF6A64004AE5FC /* PIXAlbumTests.m in Sources */,
			);
			runOnlyForDeploymentPostprocessing = 0;
		};
/* End PBXSourcesBuildPhase section */

/* Begin PBXTargetDependency section */
		CEDB7C9718D2ECF700D14D0C /* PBXTargetDependency */ = {
			isa = PBXTargetDependency;
			target = CEDB7C7518D2ECF700D14D0C /* PIXNET-iOS-SDK */;
			targetProxy = CEDB7C9618D2ECF700D14D0C /* PBXContainerItemProxy */;
		};
/* End PBXTargetDependency section */

/* Begin PBXVariantGroup section */
		CEDB7C8218D2ECF700D14D0C /* InfoPlist.strings */ = {
			isa = PBXVariantGroup;
			children = (
				CEDB7C8318D2ECF700D14D0C /* en */,
			);
			name = InfoPlist.strings;
			sourceTree = "<group>";
		};
		CEDB7C9B18D2ECF700D14D0C /* InfoPlist.strings */ = {
			isa = PBXVariantGroup;
			children = (
				CEDB7C9C18D2ECF700D14D0C /* en */,
			);
			name = InfoPlist.strings;
			sourceTree = "<group>";
		};
/* End PBXVariantGroup section */

/* Begin XCBuildConfiguration section */
		CEDB7CA018D2ECF700D14D0C /* Debug */ = {
			isa = XCBuildConfiguration;
			buildSettings = {
				ALWAYS_SEARCH_USER_PATHS = NO;
				CLANG_CXX_LANGUAGE_STANDARD = "gnu++0x";
				CLANG_CXX_LIBRARY = "libc++";
				CLANG_ENABLE_MODULES = YES;
				CLANG_ENABLE_OBJC_ARC = YES;
				CLANG_WARN_BOOL_CONVERSION = YES;
				CLANG_WARN_CONSTANT_CONVERSION = YES;
				CLANG_WARN_DIRECT_OBJC_ISA_USAGE = YES_ERROR;
				CLANG_WARN_EMPTY_BODY = YES;
				CLANG_WARN_ENUM_CONVERSION = YES;
				CLANG_WARN_INT_CONVERSION = YES;
				CLANG_WARN_OBJC_ROOT_CLASS = YES_ERROR;
				CLANG_WARN__DUPLICATE_METHOD_MATCH = YES;
				"CODE_SIGN_IDENTITY[sdk=iphoneos*]" = "iPhone Developer";
				COPY_PHASE_STRIP = NO;
				GCC_C_LANGUAGE_STANDARD = gnu99;
				GCC_DYNAMIC_NO_PIC = NO;
				GCC_OPTIMIZATION_LEVEL = 0;
				GCC_PREPROCESSOR_DEFINITIONS = (
					"DEBUG=1",
					"$(inherited)",
				);
				GCC_SYMBOLS_PRIVATE_EXTERN = NO;
				GCC_WARN_64_TO_32_BIT_CONVERSION = YES;
				GCC_WARN_ABOUT_RETURN_TYPE = YES_ERROR;
				GCC_WARN_UNDECLARED_SELECTOR = YES;
				GCC_WARN_UNINITIALIZED_AUTOS = YES_AGGRESSIVE;
				GCC_WARN_UNUSED_FUNCTION = YES;
				GCC_WARN_UNUSED_VARIABLE = YES;
				IPHONEOS_DEPLOYMENT_TARGET = 7.1;
				ONLY_ACTIVE_ARCH = YES;
				SDKROOT = iphoneos;
			};
			name = Debug;
		};
		CEDB7CA118D2ECF700D14D0C /* Release */ = {
			isa = XCBuildConfiguration;
			buildSettings = {
				ALWAYS_SEARCH_USER_PATHS = NO;
				CLANG_CXX_LANGUAGE_STANDARD = "gnu++0x";
				CLANG_CXX_LIBRARY = "libc++";
				CLANG_ENABLE_MODULES = YES;
				CLANG_ENABLE_OBJC_ARC = YES;
				CLANG_WARN_BOOL_CONVERSION = YES;
				CLANG_WARN_CONSTANT_CONVERSION = YES;
				CLANG_WARN_DIRECT_OBJC_ISA_USAGE = YES_ERROR;
				CLANG_WARN_EMPTY_BODY = YES;
				CLANG_WARN_ENUM_CONVERSION = YES;
				CLANG_WARN_INT_CONVERSION = YES;
				CLANG_WARN_OBJC_ROOT_CLASS = YES_ERROR;
				CLANG_WARN__DUPLICATE_METHOD_MATCH = YES;
				"CODE_SIGN_IDENTITY[sdk=iphoneos*]" = "iPhone Developer";
				COPY_PHASE_STRIP = YES;
				ENABLE_NS_ASSERTIONS = NO;
				GCC_C_LANGUAGE_STANDARD = gnu99;
				GCC_WARN_64_TO_32_BIT_CONVERSION = YES;
				GCC_WARN_ABOUT_RETURN_TYPE = YES_ERROR;
				GCC_WARN_UNDECLARED_SELECTOR = YES;
				GCC_WARN_UNINITIALIZED_AUTOS = YES_AGGRESSIVE;
				GCC_WARN_UNUSED_FUNCTION = YES;
				GCC_WARN_UNUSED_VARIABLE = YES;
				IPHONEOS_DEPLOYMENT_TARGET = 7.1;
				SDKROOT = iphoneos;
				VALIDATE_PRODUCT = YES;
			};
			name = Release;
		};
		CEDB7CA318D2ECF700D14D0C /* Debug */ = {
			isa = XCBuildConfiguration;
			baseConfigurationReference = 4B01D00FE656426F9CE16160 /* Pods.xcconfig */;
			buildSettings = {
				ASSETCATALOG_COMPILER_APPICON_NAME = AppIcon;
				ASSETCATALOG_COMPILER_LAUNCHIMAGE_NAME = LaunchImage;
				GCC_PRECOMPILE_PREFIX_HEADER = YES;
				GCC_PREFIX_HEADER = "PIXNET-iOS-SDK/PIXNET-iOS-SDK-Prefix.pch";
				INFOPLIST_FILE = "PIXNET-iOS-SDK/PIXNET-iOS-SDK-Info.plist";
				PRODUCT_NAME = "$(TARGET_NAME)";
				WRAPPER_EXTENSION = app;
			};
			name = Debug;
		};
		CEDB7CA418D2ECF700D14D0C /* Release */ = {
			isa = XCBuildConfiguration;
			baseConfigurationReference = 4B01D00FE656426F9CE16160 /* Pods.xcconfig */;
			buildSettings = {
				ASSETCATALOG_COMPILER_APPICON_NAME = AppIcon;
				ASSETCATALOG_COMPILER_LAUNCHIMAGE_NAME = LaunchImage;
				GCC_PRECOMPILE_PREFIX_HEADER = YES;
				GCC_PREFIX_HEADER = "PIXNET-iOS-SDK/PIXNET-iOS-SDK-Prefix.pch";
				INFOPLIST_FILE = "PIXNET-iOS-SDK/PIXNET-iOS-SDK-Info.plist";
				PRODUCT_NAME = "$(TARGET_NAME)";
				WRAPPER_EXTENSION = app;
			};
			name = Release;
		};
		CEDB7CA618D2ECF700D14D0C /* Debug */ = {
			isa = XCBuildConfiguration;
			buildSettings = {
				BUNDLE_LOADER = "$(BUILT_PRODUCTS_DIR)/PIXNET-iOS-SDK.app/PIXNET-iOS-SDK";
				FRAMEWORK_SEARCH_PATHS = (
					"$(SDKROOT)/Developer/Library/Frameworks",
					"$(inherited)",
					"$(DEVELOPER_FRAMEWORKS_DIR)",
				);
				GCC_PRECOMPILE_PREFIX_HEADER = YES;
				GCC_PREFIX_HEADER = "PIXNET-iOS-SDK/PIXNET-iOS-SDK-Prefix.pch";
				GCC_PREPROCESSOR_DEFINITIONS = (
					"DEBUG=1",
					"$(inherited)",
				);
				INFOPLIST_FILE = "PIXNET-iOS-SDKTests/PIXNET-iOS-SDKTests-Info.plist";
				PRODUCT_NAME = "$(TARGET_NAME)";
				TEST_HOST = "$(BUNDLE_LOADER)";
				WRAPPER_EXTENSION = xctest;
			};
			name = Debug;
		};
		CEDB7CA718D2ECF700D14D0C /* Release */ = {
			isa = XCBuildConfiguration;
			buildSettings = {
				BUNDLE_LOADER = "$(BUILT_PRODUCTS_DIR)/PIXNET-iOS-SDK.app/PIXNET-iOS-SDK";
				FRAMEWORK_SEARCH_PATHS = (
					"$(SDKROOT)/Developer/Library/Frameworks",
					"$(inherited)",
					"$(DEVELOPER_FRAMEWORKS_DIR)",
				);
				GCC_PRECOMPILE_PREFIX_HEADER = YES;
				GCC_PREFIX_HEADER = "PIXNET-iOS-SDK/PIXNET-iOS-SDK-Prefix.pch";
				INFOPLIST_FILE = "PIXNET-iOS-SDKTests/PIXNET-iOS-SDKTests-Info.plist";
				PRODUCT_NAME = "$(TARGET_NAME)";
				TEST_HOST = "$(BUNDLE_LOADER)";
				WRAPPER_EXTENSION = xctest;
			};
			name = Release;
		};
		CEDF6BD518F51DB7001750D3 /* Debug */ = {
			isa = XCBuildConfiguration;
			buildSettings = {
				PRODUCT_NAME = "$(TARGET_NAME)";
			};
			name = Debug;
		};
		CEDF6BD618F51DB7001750D3 /* Release */ = {
			isa = XCBuildConfiguration;
			buildSettings = {
				PRODUCT_NAME = "$(TARGET_NAME)";
			};
			name = Release;
		};
/* End XCBuildConfiguration section */

/* Begin XCConfigurationList section */
		CEDB7C7118D2ECF700D14D0C /* Build configuration list for PBXProject "PIXNET-iOS-SDK" */ = {
			isa = XCConfigurationList;
			buildConfigurations = (
				CEDB7CA018D2ECF700D14D0C /* Debug */,
				CEDB7CA118D2ECF700D14D0C /* Release */,
			);
			defaultConfigurationIsVisible = 0;
			defaultConfigurationName = Release;
		};
		CEDB7CA218D2ECF700D14D0C /* Build configuration list for PBXNativeTarget "PIXNET-iOS-SDK" */ = {
			isa = XCConfigurationList;
			buildConfigurations = (
				CEDB7CA318D2ECF700D14D0C /* Debug */,
				CEDB7CA418D2ECF700D14D0C /* Release */,
			);
			defaultConfigurationIsVisible = 0;
			defaultConfigurationName = Release;
		};
		CEDB7CA518D2ECF700D14D0C /* Build configuration list for PBXNativeTarget "PIXNET-iOS-SDKTests" */ = {
			isa = XCConfigurationList;
			buildConfigurations = (
				CEDB7CA618D2ECF700D14D0C /* Debug */,
				CEDB7CA718D2ECF700D14D0C /* Release */,
			);
			defaultConfigurationIsVisible = 0;
			defaultConfigurationName = Release;
		};
		CEDF6BD718F51DB7001750D3 /* Build configuration list for PBXAggregateTarget "Documentation" */ = {
			isa = XCConfigurationList;
			buildConfigurations = (
				CEDF6BD518F51DB7001750D3 /* Debug */,
				CEDF6BD618F51DB7001750D3 /* Release */,
			);
			defaultConfigurationIsVisible = 0;
			defaultConfigurationName = Release;
		};
/* End XCConfigurationList section */
	};
	rootObject = CEDB7C6E18D2ECF700D14D0C /* Project object */;
}
