<?xml version="1.0" encoding="UTF-8"?>
<!DOCTYPE plist PUBLIC "-//Apple//DTD PLIST 1.0//EN" "http://www.apple.com/DTDs/PropertyList-1.0.dtd">
<plist version="1.0">
<dict>
	<key>archiveVersion</key>
	<string>1</string>
	<key>classes</key>
	<dict/>
	<key>objectVersion</key>
	<string>46</string>
	<key>objects</key>
	<dict>
		<key>140ABE4DE58A12CC0BBA2B30</key>
		<dict>
			<key>children</key>
			<array>
				<string>3579548D2E7221A1D76A0CB5</string>
				<string>E5621253DC60E57D3B87C086</string>
				<string>A66BFFCA0CF5009B55A37BA4</string>
				<string>F9304BADE0392AAC667400D5</string>
				<string>306AA7DFF3AD0190B4125D0D</string>
				<string>4A18353F1D27682A155A8EDA</string>
			</array>
			<key>isa</key>
			<string>PBXGroup</string>
			<key>name</key>
			<string>Pods</string>
			<key>sourceTree</key>
			<string>&lt;group&gt;</string>
		</dict>
		<key>24C95BDB641BB7619492125E</key>
		<dict>
			<key>buildActionMask</key>
			<string>2147483647</string>
			<key>files</key>
			<array/>
			<key>inputPaths</key>
			<array/>
			<key>isa</key>
			<string>PBXShellScriptBuildPhase</string>
			<key>name</key>
			<string>Check Pods Manifest.lock</string>
			<key>outputPaths</key>
			<array/>
			<key>runOnlyForDeploymentPostprocessing</key>
			<string>0</string>
			<key>shellPath</key>
			<string>/bin/sh</string>
			<key>shellScript</key>
			<string>diff "${PODS_ROOT}/../Podfile.lock" "${PODS_ROOT}/Manifest.lock" &gt; /dev/null
if [[ $? != 0 ]] ; then
    cat &lt;&lt; EOM
error: The sandbox is not in sync with the Podfile.lock. Run 'pod install' or update your CocoaPods installation.
EOM
    exit 1
fi
</string>
			<key>showEnvVarsInLog</key>
			<string>0</string>
		</dict>
		<key>2A14F9AAF7BF5DE968244600</key>
		<dict>
			<key>explicitFileType</key>
			<string>archive.ar</string>
			<key>includeInIndex</key>
			<string>0</string>
			<key>isa</key>
			<string>PBXFileReference</string>
			<key>path</key>
			<string>libPods-SpectaTests.a</string>
			<key>sourceTree</key>
			<string>BUILT_PRODUCTS_DIR</string>
		</dict>
		<key>306AA7DFF3AD0190B4125D0D</key>
		<dict>
			<key>includeInIndex</key>
			<string>1</string>
			<key>isa</key>
			<string>PBXFileReference</string>
			<key>lastKnownFileType</key>
			<string>text.xcconfig</string>
			<key>name</key>
			<string>Pods-SpectaTests.debug.xcconfig</string>
			<key>path</key>
			<string>Pods/Target Support Files/Pods-SpectaTests/Pods-SpectaTests.debug.xcconfig</string>
			<key>sourceTree</key>
			<string>&lt;group&gt;</string>
		</dict>
		<key>3579548D2E7221A1D76A0CB5</key>
		<dict>
			<key>includeInIndex</key>
			<string>1</string>
			<key>isa</key>
			<string>PBXFileReference</string>
			<key>lastKnownFileType</key>
			<string>text.xcconfig</string>
			<key>name</key>
			<string>Pods.debug.xcconfig</string>
			<key>path</key>
			<string>Pods/Target Support Files/Pods/Pods.debug.xcconfig</string>
			<key>sourceTree</key>
			<string>&lt;group&gt;</string>
		</dict>
		<key>49B1C38622254F81AD98762E</key>
		<dict>
			<key>buildActionMask</key>
			<string>2147483647</string>
			<key>files</key>
			<array/>
			<key>inputPaths</key>
			<array/>
			<key>isa</key>
			<string>PBXShellScriptBuildPhase</string>
			<key>name</key>
			<string>Copy Pods Resources</string>
			<key>outputPaths</key>
			<array/>
			<key>runOnlyForDeploymentPostprocessing</key>
			<string>0</string>
			<key>shellPath</key>
			<string>/bin/sh</string>
			<key>shellScript</key>
			<string>"${SRCROOT}/Pods/Target Support Files/Pods/Pods-resources.sh"
</string>
			<key>showEnvVarsInLog</key>
			<string>0</string>
		</dict>
		<key>4A18353F1D27682A155A8EDA</key>
		<dict>
			<key>includeInIndex</key>
			<string>1</string>
			<key>isa</key>
			<string>PBXFileReference</string>
			<key>lastKnownFileType</key>
			<string>text.xcconfig</string>
			<key>name</key>
			<string>Pods-SpectaTests.release.xcconfig</string>
			<key>path</key>
			<string>Pods/Target Support Files/Pods-SpectaTests/Pods-SpectaTests.release.xcconfig</string>
			<key>sourceTree</key>
			<string>&lt;group&gt;</string>
		</dict>
		<key>4A81A742194FF1E7004DE00E</key>
		<dict>
			<key>fileEncoding</key>
			<string>4</string>
			<key>isa</key>
			<string>PBXFileReference</string>
			<key>lastKnownFileType</key>
			<string>sourcecode.c.h</string>
			<key>name</key>
			<string>PIXBlock.h</string>
			<key>path</key>
			<string>Classes/PIXBlock.h</string>
			<key>sourceTree</key>
			<string>&lt;group&gt;</string>
		</dict>
		<key>4A81A743194FF1E7004DE00E</key>
		<dict>
			<key>fileEncoding</key>
			<string>4</string>
			<key>isa</key>
			<string>PBXFileReference</string>
			<key>lastKnownFileType</key>
			<string>sourcecode.c.objc</string>
			<key>name</key>
			<string>PIXBlock.m</string>
			<key>path</key>
			<string>Classes/PIXBlock.m</string>
			<key>sourceTree</key>
			<string>&lt;group&gt;</string>
		</dict>
		<key>4A81A744194FF1E7004DE00E</key>
		<dict>
			<key>fileRef</key>
			<string>4A81A743194FF1E7004DE00E</string>
			<key>isa</key>
			<string>PBXBuildFile</string>
		</dict>
		<key>4A81A745195014C0004DE00E</key>
		<dict>
			<key>fileEncoding</key>
			<string>4</string>
			<key>isa</key>
			<string>PBXFileReference</string>
			<key>lastKnownFileType</key>
			<string>sourcecode.c.objc</string>
			<key>path</key>
			<string>PIXBlockTests.m</string>
			<key>sourceTree</key>
			<string>&lt;group&gt;</string>
		</dict>
		<key>4A81A746195014C0004DE00E</key>
		<dict>
			<key>fileRef</key>
			<string>4A81A745195014C0004DE00E</string>
			<key>isa</key>
			<string>PBXBuildFile</string>
		</dict>
		<key>4A81A74719503FBF004DE00E</key>
		<dict>
			<key>fileEncoding</key>
			<string>4</string>
			<key>isa</key>
			<string>PBXFileReference</string>
			<key>lastKnownFileType</key>
			<string>sourcecode.c.objc</string>
			<key>path</key>
			<string>PIXMainpageTests.m</string>
			<key>sourceTree</key>
			<string>&lt;group&gt;</string>
		</dict>
		<key>4A81A74819503FBF004DE00E</key>
		<dict>
			<key>fileRef</key>
			<string>4A81A74719503FBF004DE00E</string>
			<key>isa</key>
			<string>PBXBuildFile</string>
		</dict>
		<key>4EC36C5DA27D42EDB5703007</key>
		<dict>
			<key>explicitFileType</key>
			<string>archive.ar</string>
			<key>includeInIndex</key>
			<string>0</string>
			<key>isa</key>
			<string>PBXFileReference</string>
			<key>path</key>
			<string>libPods-KiwiTests.a</string>
			<key>sourceTree</key>
			<string>BUILT_PRODUCTS_DIR</string>
		</dict>
		<key>50845DAA18F4F1B3000813AF</key>
		<dict>
			<key>fileEncoding</key>
			<string>4</string>
			<key>isa</key>
			<string>PBXFileReference</string>
			<key>lastKnownFileType</key>
			<string>sourcecode.c.objc</string>
			<key>path</key>
			<string>PIXUserTests.m</string>
			<key>sourceTree</key>
			<string>&lt;group&gt;</string>
		</dict>
		<key>50845DAB18F4F1B3000813AF</key>
		<dict>
			<key>fileRef</key>
			<string>50845DAA18F4F1B3000813AF</string>
			<key>isa</key>
			<string>PBXBuildFile</string>
		</dict>
		<key>619C09D818FD1DF900325991</key>
		<dict>
			<key>fileEncoding</key>
			<string>4</string>
			<key>isa</key>
			<string>PBXFileReference</string>
			<key>lastKnownFileType</key>
			<string>sourcecode.c.h</string>
			<key>name</key>
			<string>PIXFriend.h</string>
			<key>path</key>
			<string>Classes/PIXFriend.h</string>
			<key>sourceTree</key>
			<string>&lt;group&gt;</string>
		</dict>
		<key>619C09D918FD1DF900325991</key>
		<dict>
			<key>fileEncoding</key>
			<string>4</string>
			<key>isa</key>
			<string>PBXFileReference</string>
			<key>lastKnownFileType</key>
			<string>sourcecode.c.objc</string>
			<key>name</key>
			<string>PIXFriend.m</string>
			<key>path</key>
			<string>Classes/PIXFriend.m</string>
			<key>sourceTree</key>
			<string>&lt;group&gt;</string>
		</dict>
		<key>619C09DA18FD1DF900325991</key>
		<dict>
			<key>fileRef</key>
			<string>619C09D918FD1DF900325991</string>
			<key>isa</key>
			<string>PBXBuildFile</string>
		</dict>
		<key>619C09DB18FD235300325991</key>
		<dict>
			<key>fileEncoding</key>
			<string>4</string>
			<key>isa</key>
			<string>PBXFileReference</string>
			<key>lastKnownFileType</key>
			<string>sourcecode.c.h</string>
			<key>name</key>
			<string>PIXGuestbook.h</string>
			<key>path</key>
			<string>Classes/PIXGuestbook.h</string>
			<key>sourceTree</key>
			<string>&lt;group&gt;</string>
		</dict>
		<key>619C09DC18FD235300325991</key>
		<dict>
			<key>fileEncoding</key>
			<string>4</string>
			<key>isa</key>
			<string>PBXFileReference</string>
			<key>lastKnownFileType</key>
			<string>sourcecode.c.objc</string>
			<key>name</key>
			<string>PIXGuestbook.m</string>
			<key>path</key>
			<string>Classes/PIXGuestbook.m</string>
			<key>sourceTree</key>
			<string>&lt;group&gt;</string>
		</dict>
		<key>619C09DD18FD235300325991</key>
		<dict>
			<key>fileRef</key>
			<string>619C09DC18FD235300325991</string>
			<key>isa</key>
			<string>PBXBuildFile</string>
		</dict>
		<key>619C09DE18FD237400325991</key>
		<dict>
			<key>fileEncoding</key>
			<string>4</string>
			<key>isa</key>
			<string>PBXFileReference</string>
			<key>lastKnownFileType</key>
			<string>sourcecode.c.h</string>
			<key>name</key>
			<string>PIXMainpage.h</string>
			<key>path</key>
			<string>Classes/PIXMainpage.h</string>
			<key>sourceTree</key>
			<string>&lt;group&gt;</string>
		</dict>
		<key>619C09DF18FD237400325991</key>
		<dict>
			<key>fileEncoding</key>
			<string>4</string>
			<key>isa</key>
			<string>PBXFileReference</string>
			<key>lastKnownFileType</key>
			<string>sourcecode.c.objc</string>
			<key>name</key>
			<string>PIXMainpage.m</string>
			<key>path</key>
			<string>Classes/PIXMainpage.m</string>
			<key>sourceTree</key>
			<string>&lt;group&gt;</string>
		</dict>
		<key>619C09E018FD237400325991</key>
		<dict>
			<key>fileRef</key>
			<string>619C09DF18FD237400325991</string>
			<key>isa</key>
			<string>PBXBuildFile</string>
		</dict>
		<key>6235ADCA2C85E76C14DCAD4B</key>
		<dict>
			<key>buildActionMask</key>
			<string>2147483647</string>
			<key>files</key>
			<array/>
			<key>inputPaths</key>
			<array/>
			<key>isa</key>
			<string>PBXShellScriptBuildPhase</string>
			<key>name</key>
			<string>Copy Pods Resources</string>
			<key>outputPaths</key>
			<array/>
			<key>runOnlyForDeploymentPostprocessing</key>
			<string>0</string>
			<key>shellPath</key>
			<string>/bin/sh</string>
			<key>shellScript</key>
			<string>"${SRCROOT}/Pods/Target Support Files/Pods-SpectaTests/Pods-SpectaTests-resources.sh"
</string>
			<key>showEnvVarsInLog</key>
			<string>0</string>
		</dict>
		<key>6B1788342F364ABEA90596A8</key>
		<dict>
			<key>buildActionMask</key>
			<string>2147483647</string>
			<key>files</key>
			<array/>
			<key>inputPaths</key>
			<array/>
			<key>isa</key>
			<string>PBXShellScriptBuildPhase</string>
			<key>name</key>
			<string>Check Pods Manifest.lock</string>
			<key>outputPaths</key>
			<array/>
			<key>runOnlyForDeploymentPostprocessing</key>
			<string>0</string>
			<key>shellPath</key>
			<string>/bin/sh</string>
			<key>shellScript</key>
			<string>diff "${PODS_ROOT}/../Podfile.lock" "${PODS_ROOT}/Manifest.lock" &gt; /dev/null
if [[ $? != 0 ]] ; then
    cat &lt;&lt; EOM
error: The sandbox is not in sync with the Podfile.lock. Run 'pod install' or update your CocoaPods installation.
EOM
    exit 1
fi
</string>
			<key>showEnvVarsInLog</key>
			<string>0</string>
		</dict>
		<key>6F862D0DCDBD4E01B210D795</key>
		<dict>
			<key>fileRef</key>
			<string>4EC36C5DA27D42EDB5703007</string>
			<key>isa</key>
			<string>PBXBuildFile</string>
		</dict>
		<key>8255907BF4A050F46A1C470D</key>
		<dict>
			<key>fileRef</key>
			<string>2A14F9AAF7BF5DE968244600</string>
			<key>isa</key>
			<string>PBXBuildFile</string>
		</dict>
		<key>82FAA07C4307688FAC5E4848</key>
		<dict>
			<key>fileEncoding</key>
			<string>4</string>
			<key>isa</key>
			<string>PBXFileReference</string>
			<key>lastKnownFileType</key>
			<string>sourcecode.c.objc</string>
			<key>path</key>
			<string>PIXOAuth2Tests.m</string>
			<key>sourceTree</key>
			<string>&lt;group&gt;</string>
		</dict>
		<key>82FAA59D51D7A3B33B16877E</key>
		<dict>
			<key>fileRef</key>
			<string>82FAA07C4307688FAC5E4848</string>
			<key>isa</key>
			<string>PBXBuildFile</string>
		</dict>
		<key>82FAA74692404DBF4B53EDA2</key>
		<dict>
			<key>fileRef</key>
			<string>82FAA8FD917CD71F2BC556F5</string>
			<key>isa</key>
			<string>PBXBuildFile</string>
		</dict>
		<key>82FAA8FD917CD71F2BC556F5</key>
		<dict>
			<key>isa</key>
			<string>PBXFileReference</string>
			<key>lastKnownFileType</key>
			<string>image.jpeg</string>
			<key>path</key>
			<string>ROC_ID_back.jpg</string>
			<key>sourceTree</key>
			<string>&lt;group&gt;</string>
		</dict>
		<key>82FAAC172614AA700C99BEE4</key>
		<dict>
			<key>isa</key>
			<string>PBXFileReference</string>
			<key>lastKnownFileType</key>
			<string>image.jpeg</string>
			<key>path</key>
			<string>ROC_ID_front.jpg</string>
			<key>sourceTree</key>
			<string>&lt;group&gt;</string>
		</dict>
		<key>82FAAEB302560B2B34790048</key>
		<dict>
			<key>fileRef</key>
			<string>82FAAC172614AA700C99BEE4</string>
			<key>isa</key>
			<string>PBXBuildFile</string>
		</dict>
		<key>8E0FF9C80B294F17841CA19E</key>
		<dict>
			<key>buildActionMask</key>
			<string>2147483647</string>
			<key>files</key>
			<array/>
			<key>inputPaths</key>
			<array/>
			<key>isa</key>
			<string>PBXShellScriptBuildPhase</string>
			<key>name</key>
			<string>Copy Pods Resources</string>
			<key>outputPaths</key>
			<array/>
			<key>runOnlyForDeploymentPostprocessing</key>
			<string>0</string>
			<key>shellPath</key>
			<string>/bin/sh</string>
			<key>shellScript</key>
			<string>"${SRCROOT}/Pods/Target Support Files/Pods-KiwiTests/Pods-KiwiTests-resources.sh"
</string>
			<key>showEnvVarsInLog</key>
			<string>0</string>
		</dict>
		<key>9CDB24BB1BB342F89ED09330</key>
		<dict>
			<key>explicitFileType</key>
			<string>archive.ar</string>
			<key>includeInIndex</key>
			<string>0</string>
			<key>isa</key>
			<string>PBXFileReference</string>
			<key>path</key>
			<string>libPods.a</string>
			<key>sourceTree</key>
			<string>BUILT_PRODUCTS_DIR</string>
		</dict>
		<key>A66BFFCA0CF5009B55A37BA4</key>
		<dict>
			<key>includeInIndex</key>
			<string>1</string>
			<key>isa</key>
			<string>PBXFileReference</string>
			<key>lastKnownFileType</key>
			<string>text.xcconfig</string>
			<key>name</key>
			<string>Pods-KiwiTests.debug.xcconfig</string>
			<key>path</key>
			<string>Pods/Target Support Files/Pods-KiwiTests/Pods-KiwiTests.debug.xcconfig</string>
			<key>sourceTree</key>
			<string>&lt;group&gt;</string>
		</dict>
		<key>B202F381CB0C46B092D36BC3</key>
		<dict>
			<key>buildActionMask</key>
			<string>2147483647</string>
			<key>files</key>
			<array/>
			<key>inputPaths</key>
			<array/>
			<key>isa</key>
			<string>PBXShellScriptBuildPhase</string>
			<key>name</key>
			<string>Check Pods Manifest.lock</string>
			<key>outputPaths</key>
			<array/>
			<key>runOnlyForDeploymentPostprocessing</key>
			<string>0</string>
			<key>shellPath</key>
			<string>/bin/sh</string>
			<key>shellScript</key>
			<string>diff "${PODS_ROOT}/../Podfile.lock" "${PODS_ROOT}/Manifest.lock" &gt; /dev/null
if [[ $? != 0 ]] ; then
    cat &lt;&lt; EOM
error: The sandbox is not in sync with the Podfile.lock. Run 'pod install' or update your CocoaPods installation.
EOM
    exit 1
fi
</string>
			<key>showEnvVarsInLog</key>
			<string>0</string>
		</dict>
		<key>CE25888B1977D59500CE3604</key>
		<dict>
			<key>buildActionMask</key>
			<string>2147483647</string>
			<key>files</key>
			<array>
				<string>CE25889A1977D59500CE3604</string>
			</array>
			<key>isa</key>
			<string>PBXSourcesBuildPhase</string>
			<key>runOnlyForDeploymentPostprocessing</key>
			<string>0</string>
		</dict>
		<key>CE25888C1977D59500CE3604</key>
		<dict>
			<key>buildActionMask</key>
			<string>2147483647</string>
			<key>files</key>
			<array>
				<string>CE2588901977D59500CE3604</string>
				<string>CE2588921977D59500CE3604</string>
				<string>CE2588911977D59500CE3604</string>
				<string>6F862D0DCDBD4E01B210D795</string>
			</array>
			<key>isa</key>
			<string>PBXFrameworksBuildPhase</string>
			<key>runOnlyForDeploymentPostprocessing</key>
			<string>0</string>
		</dict>
		<key>CE25888D1977D59500CE3604</key>
		<dict>
			<key>buildActionMask</key>
			<string>2147483647</string>
			<key>files</key>
			<array>
				<string>CE2588981977D59500CE3604</string>
			</array>
			<key>isa</key>
			<string>PBXResourcesBuildPhase</string>
			<key>runOnlyForDeploymentPostprocessing</key>
			<string>0</string>
		</dict>
		<key>CE25888E1977D59500CE3604</key>
		<dict>
			<key>buildConfigurationList</key>
			<string>CE2588A01977D59500CE3604</string>
			<key>buildPhases</key>
			<array>
				<string>B202F381CB0C46B092D36BC3</string>
				<string>CE25888B1977D59500CE3604</string>
				<string>CE25888C1977D59500CE3604</string>
				<string>CE25888D1977D59500CE3604</string>
				<string>8E0FF9C80B294F17841CA19E</string>
			</array>
			<key>buildRules</key>
			<array/>
			<key>dependencies</key>
			<array>
				<string>CE25889D1977D59500CE3604</string>
			</array>
			<key>isa</key>
			<string>PBXNativeTarget</string>
			<key>name</key>
			<string>KiwiTests</string>
			<key>productName</key>
			<string>KiwiTests</string>
			<key>productReference</key>
			<string>CE25888F1977D59500CE3604</string>
			<key>productType</key>
			<string>com.apple.product-type.bundle.unit-test</string>
		</dict>
		<key>CE25888F1977D59500CE3604</key>
		<dict>
			<key>explicitFileType</key>
			<string>wrapper.cfbundle</string>
			<key>includeInIndex</key>
			<string>0</string>
			<key>isa</key>
			<string>PBXFileReference</string>
			<key>path</key>
			<string>KiwiTests.xctest</string>
			<key>sourceTree</key>
			<string>BUILT_PRODUCTS_DIR</string>
		</dict>
		<key>CE2588901977D59500CE3604</key>
		<dict>
			<key>fileRef</key>
			<string>CEDB7C9218D2ECF700D14D0C</string>
			<key>isa</key>
			<string>PBXBuildFile</string>
		</dict>
		<key>CE2588911977D59500CE3604</key>
		<dict>
			<key>fileRef</key>
			<string>CEDB7C7918D2ECF700D14D0C</string>
			<key>isa</key>
			<string>PBXBuildFile</string>
		</dict>
		<key>CE2588921977D59500CE3604</key>
		<dict>
			<key>fileRef</key>
			<string>CEDB7C7D18D2ECF700D14D0C</string>
			<key>isa</key>
			<string>PBXBuildFile</string>
		</dict>
		<key>CE2588931977D59500CE3604</key>
		<dict>
			<key>children</key>
			<array>
				<string>CE2588941977D59500CE3604</string>
			</array>
			<key>isa</key>
			<string>PBXGroup</string>
			<key>path</key>
			<string>KiwiTests</string>
			<key>sourceTree</key>
			<string>&lt;group&gt;</string>
		</dict>
		<key>CE2588941977D59500CE3604</key>
		<dict>
			<key>children</key>
			<array>
				<string>CE2588991977D59500CE3604</string>
				<string>CE2588951977D59500CE3604</string>
				<string>CE2588961977D59500CE3604</string>
				<string>CE25889B1977D59500CE3604</string>
			</array>
			<key>isa</key>
			<string>PBXGroup</string>
			<key>name</key>
			<string>Supporting Files</string>
			<key>sourceTree</key>
			<string>&lt;group&gt;</string>
		</dict>
		<key>CE2588951977D59500CE3604</key>
		<dict>
			<key>isa</key>
			<string>PBXFileReference</string>
			<key>lastKnownFileType</key>
			<string>text.plist.xml</string>
			<key>path</key>
			<string>KiwiTests-Info.plist</string>
			<key>sourceTree</key>
			<string>&lt;group&gt;</string>
		</dict>
		<key>CE2588961977D59500CE3604</key>
		<dict>
			<key>children</key>
			<array>
				<string>CE2588971977D59500CE3604</string>
			</array>
			<key>isa</key>
			<string>PBXVariantGroup</string>
			<key>name</key>
			<string>InfoPlist.strings</string>
			<key>sourceTree</key>
			<string>&lt;group&gt;</string>
		</dict>
		<key>CE2588971977D59500CE3604</key>
		<dict>
			<key>isa</key>
			<string>PBXFileReference</string>
			<key>lastKnownFileType</key>
			<string>text.plist.strings</string>
			<key>name</key>
			<string>en</string>
			<key>path</key>
			<string>en.lproj/InfoPlist.strings</string>
			<key>sourceTree</key>
			<string>&lt;group&gt;</string>
		</dict>
		<key>CE2588981977D59500CE3604</key>
		<dict>
			<key>fileRef</key>
			<string>CE2588961977D59500CE3604</string>
			<key>isa</key>
			<string>PBXBuildFile</string>
		</dict>
		<key>CE2588991977D59500CE3604</key>
		<dict>
			<key>isa</key>
			<string>PBXFileReference</string>
			<key>lastKnownFileType</key>
			<string>sourcecode.c.objc</string>
			<key>path</key>
			<string>KiwiTests.m</string>
			<key>sourceTree</key>
			<string>&lt;group&gt;</string>
		</dict>
		<key>CE25889A1977D59500CE3604</key>
		<dict>
			<key>fileRef</key>
			<string>CE2588991977D59500CE3604</string>
			<key>isa</key>
			<string>PBXBuildFile</string>
		</dict>
		<key>CE25889B1977D59500CE3604</key>
		<dict>
			<key>isa</key>
			<string>PBXFileReference</string>
			<key>lastKnownFileType</key>
			<string>sourcecode.c.h</string>
			<key>path</key>
			<string>KiwiTests-Prefix.pch</string>
			<key>sourceTree</key>
			<string>&lt;group&gt;</string>
		</dict>
		<key>CE25889C1977D59500CE3604</key>
		<dict>
			<key>containerPortal</key>
			<string>CEDB7C6E18D2ECF700D14D0C</string>
			<key>isa</key>
			<string>PBXContainerItemProxy</string>
			<key>proxyType</key>
			<string>1</string>
			<key>remoteGlobalIDString</key>
			<string>CEDB7C7518D2ECF700D14D0C</string>
			<key>remoteInfo</key>
			<string>PIXNET-iOS-SDK</string>
		</dict>
		<key>CE25889D1977D59500CE3604</key>
		<dict>
			<key>isa</key>
			<string>PBXTargetDependency</string>
			<key>target</key>
			<string>CEDB7C7518D2ECF700D14D0C</string>
			<key>targetProxy</key>
			<string>CE25889C1977D59500CE3604</string>
		</dict>
		<key>CE25889E1977D59500CE3604</key>
		<dict>
			<key>baseConfigurationReference</key>
			<string>A66BFFCA0CF5009B55A37BA4</string>
			<key>buildSettings</key>
			<dict>
				<key>BUNDLE_LOADER</key>
				<string>$(BUILT_PRODUCTS_DIR)/PIXNET-iOS-SDK.app/PIXNET-iOS-SDK</string>
				<key>FRAMEWORK_SEARCH_PATHS</key>
				<array>
					<string>$(SDKROOT)/Developer/Library/Frameworks</string>
					<string>$(inherited)</string>
					<string>$(DEVELOPER_FRAMEWORKS_DIR)</string>
				</array>
				<key>GCC_PRECOMPILE_PREFIX_HEADER</key>
				<string>YES</string>
				<key>GCC_PREFIX_HEADER</key>
				<string>KiwiTests/KiwiTests-Prefix.pch</string>
				<key>GCC_PREPROCESSOR_DEFINITIONS</key>
				<array>
					<string>DEBUG=1</string>
					<string>$(inherited)</string>
				</array>
				<key>INFOPLIST_FILE</key>
				<string>KiwiTests/KiwiTests-Info.plist</string>
				<key>PRODUCT_NAME</key>
				<string>$(TARGET_NAME)</string>
				<key>TEST_HOST</key>
				<string>$(BUNDLE_LOADER)</string>
				<key>WRAPPER_EXTENSION</key>
				<string>xctest</string>
			</dict>
			<key>isa</key>
			<string>XCBuildConfiguration</string>
			<key>name</key>
			<string>Debug</string>
		</dict>
		<key>CE25889F1977D59500CE3604</key>
		<dict>
			<key>baseConfigurationReference</key>
			<string>F9304BADE0392AAC667400D5</string>
			<key>buildSettings</key>
			<dict>
				<key>BUNDLE_LOADER</key>
				<string>$(BUILT_PRODUCTS_DIR)/PIXNET-iOS-SDK.app/PIXNET-iOS-SDK</string>
				<key>FRAMEWORK_SEARCH_PATHS</key>
				<array>
					<string>$(SDKROOT)/Developer/Library/Frameworks</string>
					<string>$(inherited)</string>
					<string>$(DEVELOPER_FRAMEWORKS_DIR)</string>
				</array>
				<key>GCC_PRECOMPILE_PREFIX_HEADER</key>
				<string>YES</string>
				<key>GCC_PREFIX_HEADER</key>
				<string>KiwiTests/KiwiTests-Prefix.pch</string>
				<key>INFOPLIST_FILE</key>
				<string>KiwiTests/KiwiTests-Info.plist</string>
				<key>PRODUCT_NAME</key>
				<string>$(TARGET_NAME)</string>
				<key>TEST_HOST</key>
				<string>$(BUNDLE_LOADER)</string>
				<key>WRAPPER_EXTENSION</key>
				<string>xctest</string>
			</dict>
			<key>isa</key>
			<string>XCBuildConfiguration</string>
			<key>name</key>
			<string>Release</string>
		</dict>
		<key>CE2588A01977D59500CE3604</key>
		<dict>
			<key>buildConfigurations</key>
			<array>
				<string>CE25889E1977D59500CE3604</string>
				<string>CE25889F1977D59500CE3604</string>
			</array>
			<key>defaultConfigurationIsVisible</key>
			<string>0</string>
			<key>defaultConfigurationName</key>
			<string>Release</string>
			<key>isa</key>
			<string>XCConfigurationList</string>
		</dict>
		<key>CE3A34DF18FE53770039A1BC</key>
		<dict>
			<key>fileEncoding</key>
			<string>4</string>
			<key>isa</key>
			<string>PBXFileReference</string>
			<key>lastKnownFileType</key>
			<string>sourcecode.c.objc</string>
			<key>path</key>
			<string>PIXCategoryTests.m</string>
			<key>sourceTree</key>
			<string>&lt;group&gt;</string>
		</dict>
		<key>CE3A34E018FE53770039A1BC</key>
		<dict>
			<key>fileRef</key>
			<string>CE3A34DF18FE53770039A1BC</string>
			<key>isa</key>
			<string>PBXBuildFile</string>
		</dict>
		<key>CE3A34E118FE56760039A1BC</key>
		<dict>
			<key>fileEncoding</key>
			<string>4</string>
			<key>isa</key>
			<string>PBXFileReference</string>
			<key>lastKnownFileType</key>
			<string>sourcecode.c.h</string>
			<key>path</key>
			<string>PIXTestObjectGenerator.h</string>
			<key>sourceTree</key>
			<string>&lt;group&gt;</string>
		</dict>
		<key>CE3A34E218FE56760039A1BC</key>
		<dict>
			<key>fileEncoding</key>
			<string>4</string>
			<key>isa</key>
			<string>PBXFileReference</string>
			<key>lastKnownFileType</key>
			<string>sourcecode.c.objc</string>
			<key>path</key>
			<string>PIXTestObjectGenerator.m</string>
			<key>sourceTree</key>
			<string>&lt;group&gt;</string>
		</dict>
		<key>CE3A34E318FE56760039A1BC</key>
		<dict>
			<key>fileRef</key>
			<string>CE3A34E218FE56760039A1BC</string>
			<key>isa</key>
			<string>PBXBuildFile</string>
		</dict>
		<key>CE46037D18F6766A00A3BF84</key>
		<dict>
			<key>fileEncoding</key>
			<string>4</string>
			<key>isa</key>
			<string>PBXFileReference</string>
			<key>lastKnownFileType</key>
			<string>sourcecode.c.h</string>
			<key>name</key>
			<string>NSError+PIXCategory.h</string>
			<key>path</key>
			<string>Classes/NSError+PIXCategory.h</string>
			<key>sourceTree</key>
			<string>&lt;group&gt;</string>
		</dict>
		<key>CE46037E18F6766A00A3BF84</key>
		<dict>
			<key>fileEncoding</key>
			<string>4</string>
			<key>isa</key>
			<string>PBXFileReference</string>
			<key>lastKnownFileType</key>
			<string>sourcecode.c.objc</string>
			<key>name</key>
			<string>NSError+PIXCategory.m</string>
			<key>path</key>
			<string>Classes/NSError+PIXCategory.m</string>
			<key>sourceTree</key>
			<string>&lt;group&gt;</string>
		</dict>
		<key>CE46037F18F6766A00A3BF84</key>
		<dict>
			<key>fileRef</key>
			<string>CE46037E18F6766A00A3BF84</string>
			<key>isa</key>
			<string>PBXBuildFile</string>
		</dict>
		<key>CE46038018F6767600A3BF84</key>
		<dict>
			<key>fileEncoding</key>
			<string>4</string>
			<key>isa</key>
			<string>PBXFileReference</string>
			<key>lastKnownFileType</key>
			<string>sourcecode.c.h</string>
			<key>name</key>
			<string>NSObject+PIXCategory.h</string>
			<key>path</key>
			<string>Classes/NSObject+PIXCategory.h</string>
			<key>sourceTree</key>
			<string>&lt;group&gt;</string>
		</dict>
		<key>CE46038118F6767600A3BF84</key>
		<dict>
			<key>fileEncoding</key>
			<string>4</string>
			<key>isa</key>
			<string>PBXFileReference</string>
			<key>lastKnownFileType</key>
			<string>sourcecode.c.objc</string>
			<key>name</key>
			<string>NSObject+PIXCategory.m</string>
			<key>path</key>
			<string>Classes/NSObject+PIXCategory.m</string>
			<key>sourceTree</key>
			<string>&lt;group&gt;</string>
		</dict>
		<key>CE46038218F6767600A3BF84</key>
		<dict>
			<key>fileRef</key>
			<string>CE46038118F6767600A3BF84</string>
			<key>isa</key>
			<string>PBXBuildFile</string>
		</dict>
		<key>CE7BDD3E193EEF53008C8A32</key>
		<dict>
			<key>fileEncoding</key>
			<string>4</string>
			<key>isa</key>
			<string>PBXFileReference</string>
			<key>lastKnownFileType</key>
			<string>sourcecode.c.h</string>
			<key>name</key>
			<string>PIXIndex.h</string>
			<key>path</key>
			<string>Classes/PIXIndex.h</string>
			<key>sourceTree</key>
			<string>&lt;group&gt;</string>
		</dict>
		<key>CE7BDD3F193EEF53008C8A32</key>
		<dict>
			<key>fileEncoding</key>
			<string>4</string>
			<key>isa</key>
			<string>PBXFileReference</string>
			<key>lastKnownFileType</key>
			<string>sourcecode.c.objc</string>
			<key>name</key>
			<string>PIXIndex.m</string>
			<key>path</key>
			<string>Classes/PIXIndex.m</string>
			<key>sourceTree</key>
			<string>&lt;group&gt;</string>
		</dict>
		<key>CE7BDD40193EEF53008C8A32</key>
		<dict>
			<key>fileRef</key>
			<string>CE7BDD3F193EEF53008C8A32</string>
			<key>isa</key>
			<string>PBXBuildFile</string>
		</dict>
		<key>CE7BDD41193EF61D008C8A32</key>
		<dict>
			<key>fileEncoding</key>
			<string>4</string>
			<key>isa</key>
			<string>PBXFileReference</string>
			<key>lastKnownFileType</key>
			<string>sourcecode.c.objc</string>
			<key>path</key>
			<string>PIXIndexTest.m</string>
			<key>sourceTree</key>
			<string>&lt;group&gt;</string>
		</dict>
		<key>CE7BDD42193EF61D008C8A32</key>
		<dict>
			<key>fileRef</key>
			<string>CE7BDD41193EF61D008C8A32</string>
			<key>isa</key>
			<string>PBXBuildFile</string>
		</dict>
		<key>CED461591910C1CD003A96C2</key>
		<dict>
			<key>isa</key>
			<string>PBXFileReference</string>
			<key>lastKnownFileType</key>
			<string>image.jpeg</string>
			<key>path</key>
			<string>pixFox.jpg</string>
			<key>sourceTree</key>
			<string>&lt;group&gt;</string>
		</dict>
		<key>CED4615A1910C1CD003A96C2</key>
		<dict>
			<key>fileRef</key>
			<string>CED461591910C1CD003A96C2</string>
			<key>isa</key>
			<string>PBXBuildFile</string>
		</dict>
		<key>CED4615B1910C1CD003A96C2</key>
		<dict>
			<key>fileRef</key>
			<string>CED461591910C1CD003A96C2</string>
			<key>isa</key>
			<string>PBXBuildFile</string>
		</dict>
		<key>CED4619D1910D4A0003A96C2</key>
		<dict>
			<key>fileEncoding</key>
			<string>4</string>
			<key>isa</key>
			<string>PBXFileReference</string>
			<key>lastKnownFileType</key>
			<string>sourcecode.c.h</string>
			<key>name</key>
			<string>NSArray+PIXCategory.h</string>
			<key>path</key>
			<string>Classes/NSArray+PIXCategory.h</string>
			<key>sourceTree</key>
			<string>&lt;group&gt;</string>
		</dict>
		<key>CED4619E1910D4A0003A96C2</key>
		<dict>
			<key>fileEncoding</key>
			<string>4</string>
			<key>isa</key>
			<string>PBXFileReference</string>
			<key>lastKnownFileType</key>
			<string>sourcecode.c.objc</string>
			<key>name</key>
			<string>NSArray+PIXCategory.m</string>
			<key>path</key>
			<string>Classes/NSArray+PIXCategory.m</string>
			<key>sourceTree</key>
			<string>&lt;group&gt;</string>
		</dict>
		<key>CED4619F1910D4A0003A96C2</key>
		<dict>
			<key>fileEncoding</key>
			<string>4</string>
			<key>isa</key>
			<string>PBXFileReference</string>
			<key>lastKnownFileType</key>
			<string>sourcecode.c.h</string>
			<key>name</key>
			<string>NSDictionary+PIXCategory.h</string>
			<key>path</key>
			<string>Classes/NSDictionary+PIXCategory.h</string>
			<key>sourceTree</key>
			<string>&lt;group&gt;</string>
		</dict>
		<key>CED461A01910D4A0003A96C2</key>
		<dict>
			<key>fileEncoding</key>
			<string>4</string>
			<key>isa</key>
			<string>PBXFileReference</string>
			<key>lastKnownFileType</key>
			<string>sourcecode.c.objc</string>
			<key>name</key>
			<string>NSDictionary+PIXCategory.m</string>
			<key>path</key>
			<string>Classes/NSDictionary+PIXCategory.m</string>
			<key>sourceTree</key>
			<string>&lt;group&gt;</string>
		</dict>
		<key>CED461A11910D4A0003A96C2</key>
		<dict>
			<key>fileRef</key>
			<string>CED4619E1910D4A0003A96C2</string>
			<key>isa</key>
			<string>PBXBuildFile</string>
		</dict>
		<key>CED461A21910D4A0003A96C2</key>
		<dict>
			<key>fileRef</key>
			<string>CED461A01910D4A0003A96C2</string>
			<key>isa</key>
			<string>PBXBuildFile</string>
		</dict>
		<key>CED461A31910D4C7003A96C2</key>
		<dict>
			<key>fileEncoding</key>
			<string>4</string>
			<key>isa</key>
			<string>PBXFileReference</string>
			<key>lastKnownFileType</key>
			<string>sourcecode.c.h</string>
			<key>path</key>
			<string>UserForTest.h</string>
			<key>sourceTree</key>
			<string>&lt;group&gt;</string>
		</dict>
		<key>CED461A41910D4C7003A96C2</key>
		<dict>
			<key>fileEncoding</key>
			<string>4</string>
			<key>isa</key>
			<string>PBXFileReference</string>
			<key>lastKnownFileType</key>
			<string>sourcecode.c.objc</string>
			<key>path</key>
			<string>UserForTest.m</string>
			<key>sourceTree</key>
			<string>&lt;group&gt;</string>
		</dict>
		<key>CED461A51910D4C7003A96C2</key>
		<dict>
			<key>fileRef</key>
			<string>CED461A41910D4C7003A96C2</string>
			<key>isa</key>
			<string>PBXBuildFile</string>
		</dict>
		<key>CED5FB9219610C2B0037D268</key>
		<dict>
			<key>fileEncoding</key>
			<string>4</string>
			<key>isa</key>
			<string>PBXFileReference</string>
			<key>lastKnownFileType</key>
			<string>sourcecode.c.h</string>
			<key>name</key>
			<string>PIXURLSessionDelegateHandler.h</string>
			<key>path</key>
			<string>Classes/PIXURLSessionDelegateHandler.h</string>
			<key>sourceTree</key>
			<string>&lt;group&gt;</string>
		</dict>
		<key>CED5FB9319610C2B0037D268</key>
		<dict>
			<key>fileEncoding</key>
			<string>4</string>
			<key>isa</key>
			<string>PBXFileReference</string>
			<key>lastKnownFileType</key>
			<string>sourcecode.c.objc</string>
			<key>name</key>
			<string>PIXURLSessionDelegateHandler.m</string>
			<key>path</key>
			<string>Classes/PIXURLSessionDelegateHandler.m</string>
			<key>sourceTree</key>
			<string>&lt;group&gt;</string>
		</dict>
		<key>CED5FB9419610C2B0037D268</key>
		<dict>
			<key>fileRef</key>
			<string>CED5FB9319610C2B0037D268</string>
			<key>isa</key>
			<string>PBXBuildFile</string>
		</dict>
		<key>CED60D8919624BFB0080A7D1</key>
		<dict>
			<key>isa</key>
			<string>PBXFileReference</string>
			<key>lastKnownFileType</key>
			<string>video.mpeg</string>
			<key>path</key>
			<string>SHLCutted.mpg</string>
			<key>sourceTree</key>
			<string>&lt;group&gt;</string>
		</dict>
		<key>CED60D8B19624F710080A7D1</key>
		<dict>
			<key>fileRef</key>
			<string>CED60D8919624BFB0080A7D1</string>
			<key>isa</key>
			<string>PBXBuildFile</string>
		</dict>
		<key>CED60D9F1962920E0080A7D1</key>
		<dict>
			<key>children</key>
			<array>
				<string>CED79667196B91790025AA97</string>
				<string>CED79668196B91790025AA97</string>
				<string>CED79669196B91790025AA97</string>
				<string>CED7966A196B91790025AA97</string>
				<string>CED7966B196B91790025AA97</string>
				<string>CED7966C196B91790025AA97</string>
				<string>CED7966D196B91790025AA97</string>
				<string>CED79664196B91350025AA97</string>
				<string>CED79665196B91350025AA97</string>
				<string>CED79661196B91230025AA97</string>
				<string>CED79662196B91230025AA97</string>
				<string>CED7965E196B91020025AA97</string>
				<string>CED7965F196B91020025AA97</string>
			</array>
			<key>isa</key>
			<string>PBXGroup</string>
			<key>name</key>
			<string>LROAuth2Client</string>
			<key>path</key>
			<string>Classes/LROAuth2Client</string>
			<key>sourceTree</key>
			<string>&lt;group&gt;</string>
		</dict>
		<key>CED7894C19590B0600E29037</key>
		<dict>
			<key>fileEncoding</key>
			<string>4</string>
			<key>isa</key>
			<string>PBXFileReference</string>
			<key>lastKnownFileType</key>
			<string>sourcecode.c.h</string>
			<key>name</key>
			<string>LROAuth2ClientDelegateHandler.h</string>
			<key>path</key>
			<string>Classes/LROAuth2ClientDelegateHandler.h</string>
			<key>sourceTree</key>
			<string>&lt;group&gt;</string>
		</dict>
		<key>CED7894D19590B0600E29037</key>
		<dict>
			<key>fileEncoding</key>
			<string>4</string>
			<key>isa</key>
			<string>PBXFileReference</string>
			<key>lastKnownFileType</key>
			<string>sourcecode.c.objc</string>
			<key>name</key>
			<string>LROAuth2ClientDelegateHandler.m</string>
			<key>path</key>
			<string>Classes/LROAuth2ClientDelegateHandler.m</string>
			<key>sourceTree</key>
			<string>&lt;group&gt;</string>
		</dict>
		<key>CED7894E19590B0600E29037</key>
		<dict>
			<key>fileRef</key>
			<string>CED7894D19590B0600E29037</string>
			<key>isa</key>
			<string>PBXBuildFile</string>
		</dict>
		<key>CED7965E196B91020025AA97</key>
		<dict>
			<key>fileEncoding</key>
			<string>4</string>
			<key>isa</key>
			<string>PBXFileReference</string>
			<key>lastKnownFileType</key>
			<string>sourcecode.c.h</string>
			<key>name</key>
			<string>NSURL+QueryInspector.h</string>
			<key>path</key>
			<string>Classes/NSURL+QueryInspector.h</string>
			<key>sourceTree</key>
			<string>SOURCE_ROOT</string>
		</dict>
		<key>CED7965F196B91020025AA97</key>
		<dict>
			<key>fileEncoding</key>
			<string>4</string>
			<key>isa</key>
			<string>PBXFileReference</string>
			<key>lastKnownFileType</key>
			<string>sourcecode.c.objc</string>
			<key>name</key>
			<string>NSURL+QueryInspector.m</string>
			<key>path</key>
			<string>Classes/NSURL+QueryInspector.m</string>
			<key>sourceTree</key>
			<string>SOURCE_ROOT</string>
		</dict>
		<key>CED79660196B91020025AA97</key>
		<dict>
			<key>fileRef</key>
			<string>CED7965F196B91020025AA97</string>
			<key>isa</key>
			<string>PBXBuildFile</string>
		</dict>
		<key>CED79661196B91230025AA97</key>
		<dict>
			<key>fileEncoding</key>
			<string>4</string>
			<key>isa</key>
			<string>PBXFileReference</string>
			<key>lastKnownFileType</key>
			<string>sourcecode.c.h</string>
			<key>name</key>
			<string>NSString+QueryString.h</string>
			<key>path</key>
			<string>Classes/NSString+QueryString.h</string>
			<key>sourceTree</key>
			<string>SOURCE_ROOT</string>
		</dict>
		<key>CED79662196B91230025AA97</key>
		<dict>
			<key>fileEncoding</key>
			<string>4</string>
			<key>isa</key>
			<string>PBXFileReference</string>
			<key>lastKnownFileType</key>
			<string>sourcecode.c.objc</string>
			<key>name</key>
			<string>NSString+QueryString.m</string>
			<key>path</key>
			<string>Classes/NSString+QueryString.m</string>
			<key>sourceTree</key>
			<string>SOURCE_ROOT</string>
		</dict>
		<key>CED79663196B91230025AA97</key>
		<dict>
			<key>fileRef</key>
			<string>CED79662196B91230025AA97</string>
			<key>isa</key>
			<string>PBXBuildFile</string>
		</dict>
		<key>CED79664196B91350025AA97</key>
		<dict>
			<key>fileEncoding</key>
			<string>4</string>
			<key>isa</key>
			<string>PBXFileReference</string>
			<key>lastKnownFileType</key>
			<string>sourcecode.c.h</string>
			<key>name</key>
			<string>NSDictionary+QueryString.h</string>
			<key>path</key>
			<string>Classes/NSDictionary+QueryString.h</string>
			<key>sourceTree</key>
			<string>SOURCE_ROOT</string>
		</dict>
		<key>CED79665196B91350025AA97</key>
		<dict>
			<key>fileEncoding</key>
			<string>4</string>
			<key>isa</key>
			<string>PBXFileReference</string>
			<key>lastKnownFileType</key>
			<string>sourcecode.c.objc</string>
			<key>name</key>
			<string>NSDictionary+QueryString.m</string>
			<key>path</key>
			<string>Classes/NSDictionary+QueryString.m</string>
			<key>sourceTree</key>
			<string>SOURCE_ROOT</string>
		</dict>
		<key>CED79666196B91350025AA97</key>
		<dict>
			<key>fileRef</key>
			<string>CED79665196B91350025AA97</string>
			<key>isa</key>
			<string>PBXBuildFile</string>
		</dict>
		<key>CED79667196B91790025AA97</key>
		<dict>
			<key>fileEncoding</key>
			<string>4</string>
			<key>isa</key>
			<string>PBXFileReference</string>
			<key>lastKnownFileType</key>
			<string>sourcecode.c.h</string>
			<key>name</key>
			<string>LROAuth2AccessToken.h</string>
			<key>path</key>
			<string>Classes/LROAuth2AccessToken.h</string>
			<key>sourceTree</key>
			<string>SOURCE_ROOT</string>
		</dict>
		<key>CED79668196B91790025AA97</key>
		<dict>
			<key>fileEncoding</key>
			<string>4</string>
			<key>isa</key>
			<string>PBXFileReference</string>
			<key>lastKnownFileType</key>
			<string>sourcecode.c.objc</string>
			<key>name</key>
			<string>LROAuth2AccessToken.m</string>
			<key>path</key>
			<string>Classes/LROAuth2AccessToken.m</string>
			<key>sourceTree</key>
			<string>SOURCE_ROOT</string>
		</dict>
		<key>CED79669196B91790025AA97</key>
		<dict>
			<key>fileEncoding</key>
			<string>4</string>
			<key>isa</key>
			<string>PBXFileReference</string>
			<key>lastKnownFileType</key>
			<string>sourcecode.c.h</string>
			<key>name</key>
			<string>LROAuth2Client.h</string>
			<key>path</key>
			<string>Classes/LROAuth2Client.h</string>
			<key>sourceTree</key>
			<string>SOURCE_ROOT</string>
		</dict>
		<key>CED7966A196B91790025AA97</key>
		<dict>
			<key>fileEncoding</key>
			<string>4</string>
			<key>isa</key>
			<string>PBXFileReference</string>
			<key>lastKnownFileType</key>
			<string>sourcecode.c.objc</string>
			<key>name</key>
			<string>LROAuth2Client.m</string>
			<key>path</key>
			<string>Classes/LROAuth2Client.m</string>
			<key>sourceTree</key>
			<string>SOURCE_ROOT</string>
		</dict>
		<key>CED7966B196B91790025AA97</key>
		<dict>
			<key>fileEncoding</key>
			<string>4</string>
			<key>isa</key>
			<string>PBXFileReference</string>
			<key>lastKnownFileType</key>
			<string>sourcecode.c.h</string>
			<key>name</key>
			<string>LROAuth2ClientDelegate.h</string>
			<key>path</key>
			<string>Classes/LROAuth2ClientDelegate.h</string>
			<key>sourceTree</key>
			<string>SOURCE_ROOT</string>
		</dict>
		<key>CED7966C196B91790025AA97</key>
		<dict>
			<key>fileEncoding</key>
			<string>4</string>
			<key>isa</key>
			<string>PBXFileReference</string>
			<key>lastKnownFileType</key>
			<string>sourcecode.c.h</string>
			<key>name</key>
			<string>LRURLRequestOperation.h</string>
			<key>path</key>
			<string>Classes/LRURLRequestOperation.h</string>
			<key>sourceTree</key>
			<string>SOURCE_ROOT</string>
		</dict>
		<key>CED7966D196B91790025AA97</key>
		<dict>
			<key>fileEncoding</key>
			<string>4</string>
			<key>isa</key>
			<string>PBXFileReference</string>
			<key>lastKnownFileType</key>
			<string>sourcecode.c.objc</string>
			<key>name</key>
			<string>LRURLRequestOperation.m</string>
			<key>path</key>
			<string>Classes/LRURLRequestOperation.m</string>
			<key>sourceTree</key>
			<string>SOURCE_ROOT</string>
		</dict>
		<key>CED7966E196B91790025AA97</key>
		<dict>
			<key>fileRef</key>
			<string>CED79668196B91790025AA97</string>
			<key>isa</key>
			<string>PBXBuildFile</string>
		</dict>
		<key>CED7966F196B91790025AA97</key>
		<dict>
			<key>fileRef</key>
			<string>CED7966A196B91790025AA97</string>
			<key>isa</key>
			<string>PBXBuildFile</string>
			<key>settings</key>
			<dict>
				<key>COMPILER_FLAGS</key>
				<string>-fno-objc-arc</string>
			</dict>
		</dict>
		<key>CED79670196B91790025AA97</key>
		<dict>
			<key>fileRef</key>
			<string>CED7966D196B91790025AA97</string>
			<key>isa</key>
			<string>PBXBuildFile</string>
		</dict>
		<key>CED9C39F19484C2200D522CD</key>
		<dict>
			<key>fileEncoding</key>
			<string>4</string>
			<key>isa</key>
			<string>PBXFileReference</string>
			<key>lastKnownFileType</key>
			<string>sourcecode.c.objc</string>
			<key>path</key>
			<string>PIXFriendTests.m</string>
			<key>sourceTree</key>
			<string>&lt;group&gt;</string>
		</dict>
		<key>CED9C3A019484C2200D522CD</key>
		<dict>
			<key>fileRef</key>
			<string>CED9C39F19484C2200D522CD</string>
			<key>isa</key>
			<string>PBXBuildFile</string>
		</dict>
		<key>CED9CC7418DC379C00D37BA1</key>
		<dict>
			<key>isa</key>
			<string>PBXFileReference</string>
			<key>lastKnownFileType</key>
			<string>wrapper.framework</string>
			<key>name</key>
			<string>CoreLocation.framework</string>
			<key>path</key>
			<string>System/Library/Frameworks/CoreLocation.framework</string>
			<key>sourceTree</key>
			<string>SDKROOT</string>
		</dict>
		<key>CED9CC7518DC379C00D37BA1</key>
		<dict>
			<key>fileRef</key>
			<string>CED9CC7418DC379C00D37BA1</string>
			<key>isa</key>
			<string>PBXBuildFile</string>
		</dict>
		<key>CEDB7C6D18D2ECF700D14D0C</key>
		<dict>
			<key>children</key>
			<array>
				<string>CEDB7CA818D2F7A600D14D0C</string>
				<string>CEDB7C7F18D2ECF700D14D0C</string>
				<string>CEDB7C9818D2ECF700D14D0C</string>
				<string>CE2588931977D59500CE3604</string>
				<string>CEDD93C81A77673900C7C34B</string>
				<string>CEDD93D71A7767B600C7C34B</string>
				<string>CEDB7C7818D2ECF700D14D0C</string>
				<string>CEDB7C7718D2ECF700D14D0C</string>
				<string>140ABE4DE58A12CC0BBA2B30</string>
			</array>
			<key>isa</key>
			<string>PBXGroup</string>
			<key>sourceTree</key>
			<string>&lt;group&gt;</string>
		</dict>
		<key>CEDB7C6E18D2ECF700D14D0C</key>
		<dict>
			<key>attributes</key>
			<dict>
				<key>LastUpgradeCheck</key>
				<string>0510</string>
				<key>ORGANIZATIONNAME</key>
				<string>Dolphin Su</string>
				<key>TargetAttributes</key>
				<dict>
					<key>CE25888E1977D59500CE3604</key>
					<dict>
						<key>TestTargetID</key>
						<string>CEDB7C7518D2ECF700D14D0C</string>
					</dict>
					<key>CEDB7C9018D2ECF700D14D0C</key>
					<dict>
						<key>TestTargetID</key>
						<string>CEDB7C7518D2ECF700D14D0C</string>
					</dict>
					<key>CEDD93D51A7767B600C7C34B</key>
					<dict>
						<key>CreatedOnToolsVersion</key>
						<string>6.1.1</string>
						<key>TestTargetID</key>
						<string>CEDB7C7518D2ECF700D14D0C</string>
					</dict>
				</dict>
			</dict>
			<key>buildConfigurationList</key>
			<string>CEDB7C7118D2ECF700D14D0C</string>
			<key>compatibilityVersion</key>
			<string>Xcode 3.2</string>
			<key>developmentRegion</key>
			<string>English</string>
			<key>hasScannedForEncodings</key>
			<string>0</string>
			<key>isa</key>
			<string>PBXProject</string>
			<key>knownRegions</key>
			<array>
				<string>en</string>
			</array>
			<key>mainGroup</key>
			<string>CEDB7C6D18D2ECF700D14D0C</string>
			<key>productRefGroup</key>
			<string>CEDB7C7718D2ECF700D14D0C</string>
			<key>projectDirPath</key>
			<string></string>
			<key>projectReferences</key>
			<array/>
			<key>projectRoot</key>
			<string></string>
			<key>targets</key>
			<array>
				<string>CEDB7C7518D2ECF700D14D0C</string>
				<string>CEDB7C9018D2ECF700D14D0C</string>
				<string>CEDF6BD418F51DB7001750D3</string>
				<string>CE25888E1977D59500CE3604</string>
				<string>CEDD93D51A7767B600C7C34B</string>
			</array>
		</dict>
		<key>CEDB7C7118D2ECF700D14D0C</key>
		<dict>
			<key>buildConfigurations</key>
			<array>
				<string>CEDB7CA018D2ECF700D14D0C</string>
				<string>CEDB7CA118D2ECF700D14D0C</string>
			</array>
			<key>defaultConfigurationIsVisible</key>
			<string>0</string>
			<key>defaultConfigurationName</key>
			<string>Release</string>
			<key>isa</key>
			<string>XCConfigurationList</string>
		</dict>
		<key>CEDB7C7218D2ECF700D14D0C</key>
		<dict>
			<key>buildActionMask</key>
			<string>2147483647</string>
			<key>files</key>
			<array>
				<string>CE46038218F6767600A3BF84</string>
				<string>CEDCD0FE18F3AD6800B32ACC</string>
				<string>CED79666196B91350025AA97</string>
				<string>CEDB7C8A18D2ECF700D14D0C</string>
				<string>CEDCD0EF18F3AC5400B32ACC</string>
				<string>CEDCD0E918F3ABF700B32ACC</string>
				<string>619C09E018FD237400325991</string>
				<string>CE7BDD40193EEF53008C8A32</string>
				<string>CED7966F196B91790025AA97</string>
				<string>CED461A21910D4A0003A96C2</string>
				<string>CED79660196B91020025AA97</string>
				<string>CEDCD10118F3AD7E00B32ACC</string>
				<string>CEDCD0FB18F3AD6800B32ACC</string>
				<string>619C09DA18FD1DF900325991</string>
				<string>CED7966E196B91790025AA97</string>
				<string>CED7894E19590B0600E29037</string>
				<string>CED79663196B91230025AA97</string>
				<string>4A81A744194FF1E7004DE00E</string>
				<string>CE46037F18F6766A00A3BF84</string>
				<string>CED461A11910D4A0003A96C2</string>
				<string>CEDCD0EE18F3AC5400B32ACC</string>
				<string>CEDCD0FC18F3AD6800B32ACC</string>
				<string>CED5FB9419610C2B0037D268</string>
				<string>619C09DD18FD235300325991</string>
				<string>CEDCD0FD18F3AD6800B32ACC</string>
				<string>CEDB7C8618D2ECF700D14D0C</string>
				<string>CED79670196B91790025AA97</string>
			</array>
			<key>isa</key>
			<string>PBXSourcesBuildPhase</string>
			<key>runOnlyForDeploymentPostprocessing</key>
			<string>0</string>
		</dict>
		<key>CEDB7C7318D2ECF700D14D0C</key>
		<dict>
			<key>buildActionMask</key>
			<string>2147483647</string>
			<key>files</key>
			<array>
				<string>CED9CC7518DC379C00D37BA1</string>
				<string>CEDB7C7C18D2ECF700D14D0C</string>
				<string>CEDB7C7E18D2ECF700D14D0C</string>
				<string>CEDB7C7A18D2ECF700D14D0C</string>
				<string>D2C300279399403B84D4742C</string>
			</array>
			<key>isa</key>
			<string>PBXFrameworksBuildPhase</string>
			<key>runOnlyForDeploymentPostprocessing</key>
			<string>0</string>
		</dict>
		<key>CEDB7C7418D2ECF700D14D0C</key>
		<dict>
			<key>buildActionMask</key>
			<string>2147483647</string>
			<key>files</key>
			<array>
				<string>CEDB7C8418D2ECF700D14D0C</string>
				<string>CED4615A1910C1CD003A96C2</string>
				<string>CEDB7C8C18D2ECF700D14D0C</string>
				<string>CED60D8B19624F710080A7D1</string>
				<string>82FAA74692404DBF4B53EDA2</string>
				<string>82FAAEB302560B2B34790048</string>
			</array>
			<key>isa</key>
			<string>PBXResourcesBuildPhase</string>
			<key>runOnlyForDeploymentPostprocessing</key>
			<string>0</string>
		</dict>
		<key>CEDB7C7518D2ECF700D14D0C</key>
		<dict>
			<key>buildConfigurationList</key>
			<string>CEDB7CA218D2ECF700D14D0C</string>
			<key>buildPhases</key>
			<array>
				<string>6B1788342F364ABEA90596A8</string>
				<string>CEDB7C7218D2ECF700D14D0C</string>
				<string>CEDB7C7318D2ECF700D14D0C</string>
				<string>CEDB7C7418D2ECF700D14D0C</string>
				<string>49B1C38622254F81AD98762E</string>
			</array>
			<key>buildRules</key>
			<array/>
			<key>dependencies</key>
			<array/>
			<key>isa</key>
			<string>PBXNativeTarget</string>
			<key>name</key>
			<string>PIXNET-iOS-SDK</string>
			<key>productName</key>
			<string>PIXNET-iOS-SDK</string>
			<key>productReference</key>
			<string>CEDB7C7618D2ECF700D14D0C</string>
			<key>productType</key>
			<string>com.apple.product-type.application</string>
		</dict>
		<key>CEDB7C7618D2ECF700D14D0C</key>
		<dict>
			<key>explicitFileType</key>
			<string>wrapper.application</string>
			<key>includeInIndex</key>
			<string>0</string>
			<key>isa</key>
			<string>PBXFileReference</string>
			<key>path</key>
			<string>PIXNET-iOS-SDK.app</string>
			<key>sourceTree</key>
			<string>BUILT_PRODUCTS_DIR</string>
		</dict>
		<key>CEDB7C7718D2ECF700D14D0C</key>
		<dict>
			<key>children</key>
			<array>
				<string>CEDB7C7618D2ECF700D14D0C</string>
				<string>CEDB7C9118D2ECF700D14D0C</string>
				<string>CE25888F1977D59500CE3604</string>
				<string>CEDD93D61A7767B600C7C34B</string>
			</array>
			<key>isa</key>
			<string>PBXGroup</string>
			<key>name</key>
			<string>Products</string>
			<key>sourceTree</key>
			<string>&lt;group&gt;</string>
		</dict>
		<key>CEDB7C7818D2ECF700D14D0C</key>
		<dict>
			<key>children</key>
			<array>
				<string>CED9CC7418DC379C00D37BA1</string>
				<string>CEDB7C7918D2ECF700D14D0C</string>
				<string>CEDB7C7B18D2ECF700D14D0C</string>
				<string>CEDB7C7D18D2ECF700D14D0C</string>
				<string>CEDB7C9218D2ECF700D14D0C</string>
				<string>9CDB24BB1BB342F89ED09330</string>
				<string>4EC36C5DA27D42EDB5703007</string>
				<string>2A14F9AAF7BF5DE968244600</string>
			</array>
			<key>isa</key>
			<string>PBXGroup</string>
			<key>name</key>
			<string>Frameworks</string>
			<key>sourceTree</key>
			<string>&lt;group&gt;</string>
		</dict>
		<key>CEDB7C7918D2ECF700D14D0C</key>
		<dict>
			<key>isa</key>
			<string>PBXFileReference</string>
			<key>lastKnownFileType</key>
			<string>wrapper.framework</string>
			<key>name</key>
			<string>Foundation.framework</string>
			<key>path</key>
			<string>System/Library/Frameworks/Foundation.framework</string>
			<key>sourceTree</key>
			<string>SDKROOT</string>
		</dict>
		<key>CEDB7C7A18D2ECF700D14D0C</key>
		<dict>
			<key>fileRef</key>
			<string>CEDB7C7918D2ECF700D14D0C</string>
			<key>isa</key>
			<string>PBXBuildFile</string>
		</dict>
		<key>CEDB7C7B18D2ECF700D14D0C</key>
		<dict>
			<key>isa</key>
			<string>PBXFileReference</string>
			<key>lastKnownFileType</key>
			<string>wrapper.framework</string>
			<key>name</key>
			<string>CoreGraphics.framework</string>
			<key>path</key>
			<string>System/Library/Frameworks/CoreGraphics.framework</string>
			<key>sourceTree</key>
			<string>SDKROOT</string>
		</dict>
		<key>CEDB7C7C18D2ECF700D14D0C</key>
		<dict>
			<key>fileRef</key>
			<string>CEDB7C7B18D2ECF700D14D0C</string>
			<key>isa</key>
			<string>PBXBuildFile</string>
		</dict>
		<key>CEDB7C7D18D2ECF700D14D0C</key>
		<dict>
			<key>isa</key>
			<string>PBXFileReference</string>
			<key>lastKnownFileType</key>
			<string>wrapper.framework</string>
			<key>name</key>
			<string>UIKit.framework</string>
			<key>path</key>
			<string>System/Library/Frameworks/UIKit.framework</string>
			<key>sourceTree</key>
			<string>SDKROOT</string>
		</dict>
		<key>CEDB7C7E18D2ECF700D14D0C</key>
		<dict>
			<key>fileRef</key>
			<string>CEDB7C7D18D2ECF700D14D0C</string>
			<key>isa</key>
			<string>PBXBuildFile</string>
		</dict>
		<key>CEDB7C7F18D2ECF700D14D0C</key>
		<dict>
			<key>children</key>
			<array>
				<string>CEDB7C8818D2ECF700D14D0C</string>
				<string>CEDB7C8918D2ECF700D14D0C</string>
				<string>CEDB7C8B18D2ECF700D14D0C</string>
				<string>CEDB7C8018D2ECF700D14D0C</string>
			</array>
			<key>isa</key>
			<string>PBXGroup</string>
			<key>path</key>
			<string>PIXNET-iOS-SDK</string>
			<key>sourceTree</key>
			<string>&lt;group&gt;</string>
		</dict>
		<key>CEDB7C8018D2ECF700D14D0C</key>
		<dict>
			<key>children</key>
			<array>
				<string>CEDB7C8118D2ECF700D14D0C</string>
				<string>CEDB7C8218D2ECF700D14D0C</string>
				<string>CEDB7C8518D2ECF700D14D0C</string>
				<string>CEDB7C8718D2ECF700D14D0C</string>
				<string>82FAA8FD917CD71F2BC556F5</string>
				<string>82FAAC172614AA700C99BEE4</string>
			</array>
			<key>isa</key>
			<string>PBXGroup</string>
			<key>name</key>
			<string>Supporting Files</string>
			<key>sourceTree</key>
			<string>&lt;group&gt;</string>
		</dict>
		<key>CEDB7C8118D2ECF700D14D0C</key>
		<dict>
			<key>isa</key>
			<string>PBXFileReference</string>
			<key>lastKnownFileType</key>
			<string>text.plist.xml</string>
			<key>path</key>
			<string>PIXNET-iOS-SDK-Info.plist</string>
			<key>sourceTree</key>
			<string>&lt;group&gt;</string>
		</dict>
		<key>CEDB7C8218D2ECF700D14D0C</key>
		<dict>
			<key>children</key>
			<array>
				<string>CEDB7C8318D2ECF700D14D0C</string>
			</array>
			<key>isa</key>
			<string>PBXVariantGroup</string>
			<key>name</key>
			<string>InfoPlist.strings</string>
			<key>sourceTree</key>
			<string>&lt;group&gt;</string>
		</dict>
		<key>CEDB7C8318D2ECF700D14D0C</key>
		<dict>
			<key>isa</key>
			<string>PBXFileReference</string>
			<key>lastKnownFileType</key>
			<string>text.plist.strings</string>
			<key>name</key>
			<string>en</string>
			<key>path</key>
			<string>en.lproj/InfoPlist.strings</string>
			<key>sourceTree</key>
			<string>&lt;group&gt;</string>
		</dict>
		<key>CEDB7C8418D2ECF700D14D0C</key>
		<dict>
			<key>fileRef</key>
			<string>CEDB7C8218D2ECF700D14D0C</string>
			<key>isa</key>
			<string>PBXBuildFile</string>
		</dict>
		<key>CEDB7C8518D2ECF700D14D0C</key>
		<dict>
			<key>isa</key>
			<string>PBXFileReference</string>
			<key>lastKnownFileType</key>
			<string>sourcecode.c.objc</string>
			<key>path</key>
			<string>main.m</string>
			<key>sourceTree</key>
			<string>&lt;group&gt;</string>
		</dict>
		<key>CEDB7C8618D2ECF700D14D0C</key>
		<dict>
			<key>fileRef</key>
			<string>CEDB7C8518D2ECF700D14D0C</string>
			<key>isa</key>
			<string>PBXBuildFile</string>
		</dict>
		<key>CEDB7C8718D2ECF700D14D0C</key>
		<dict>
			<key>isa</key>
			<string>PBXFileReference</string>
			<key>lastKnownFileType</key>
			<string>sourcecode.c.h</string>
			<key>path</key>
			<string>PIXNET-iOS-SDK-Prefix.pch</string>
			<key>sourceTree</key>
			<string>&lt;group&gt;</string>
		</dict>
		<key>CEDB7C8818D2ECF700D14D0C</key>
		<dict>
			<key>isa</key>
			<string>PBXFileReference</string>
			<key>lastKnownFileType</key>
			<string>sourcecode.c.h</string>
			<key>path</key>
			<string>AppDelegate.h</string>
			<key>sourceTree</key>
			<string>&lt;group&gt;</string>
		</dict>
		<key>CEDB7C8918D2ECF700D14D0C</key>
		<dict>
			<key>isa</key>
			<string>PBXFileReference</string>
			<key>lastKnownFileType</key>
			<string>sourcecode.c.objc</string>
			<key>path</key>
			<string>AppDelegate.m</string>
			<key>sourceTree</key>
			<string>&lt;group&gt;</string>
		</dict>
		<key>CEDB7C8A18D2ECF700D14D0C</key>
		<dict>
			<key>fileRef</key>
			<string>CEDB7C8918D2ECF700D14D0C</string>
			<key>isa</key>
			<string>PBXBuildFile</string>
		</dict>
		<key>CEDB7C8B18D2ECF700D14D0C</key>
		<dict>
			<key>isa</key>
			<string>PBXFileReference</string>
			<key>lastKnownFileType</key>
			<string>folder.assetcatalog</string>
			<key>path</key>
			<string>Images.xcassets</string>
			<key>sourceTree</key>
			<string>&lt;group&gt;</string>
		</dict>
		<key>CEDB7C8C18D2ECF700D14D0C</key>
		<dict>
			<key>fileRef</key>
			<string>CEDB7C8B18D2ECF700D14D0C</string>
			<key>isa</key>
			<string>PBXBuildFile</string>
		</dict>
		<key>CEDB7C8D18D2ECF700D14D0C</key>
		<dict>
			<key>buildActionMask</key>
			<string>2147483647</string>
			<key>files</key>
			<array>
				<string>CED461A51910D4C7003A96C2</string>
				<string>CEECBD6B1917340B00CC98C4</string>
				<string>50845DAB18F4F1B3000813AF</string>
				<string>4A81A74819503FBF004DE00E</string>
				<string>CE3A34E318FE56760039A1BC</string>
				<string>CE7BDD42193EF61D008C8A32</string>
				<string>CEDD79FE194599EE00F0457A</string>
				<string>CE3A34E018FE53770039A1BC</string>
				<string>CED9C3A019484C2200D522CD</string>
				<string>CEE68D8B18FF6A64004AE5FC</string>
				<string>4A81A746195014C0004DE00E</string>
				<string>82FAA59D51D7A3B33B16877E</string>
			</array>
			<key>isa</key>
			<string>PBXSourcesBuildPhase</string>
			<key>runOnlyForDeploymentPostprocessing</key>
			<string>0</string>
		</dict>
		<key>CEDB7C8E18D2ECF700D14D0C</key>
		<dict>
			<key>buildActionMask</key>
			<string>2147483647</string>
			<key>files</key>
			<array>
				<string>CEDB7C9318D2ECF700D14D0C</string>
				<string>CEDB7C9518D2ECF700D14D0C</string>
				<string>CEDB7C9418D2ECF700D14D0C</string>
			</array>
			<key>isa</key>
			<string>PBXFrameworksBuildPhase</string>
			<key>runOnlyForDeploymentPostprocessing</key>
			<string>0</string>
		</dict>
		<key>CEDB7C8F18D2ECF700D14D0C</key>
		<dict>
			<key>buildActionMask</key>
			<string>2147483647</string>
			<key>files</key>
			<array>
				<string>CEDB7C9D18D2ECF700D14D0C</string>
				<string>CED4615B1910C1CD003A96C2</string>
			</array>
			<key>isa</key>
			<string>PBXResourcesBuildPhase</string>
			<key>runOnlyForDeploymentPostprocessing</key>
			<string>0</string>
		</dict>
		<key>CEDB7C9018D2ECF700D14D0C</key>
		<dict>
			<key>buildConfigurationList</key>
			<string>CEDB7CA518D2ECF700D14D0C</string>
			<key>buildPhases</key>
			<array>
				<string>CEDB7C8D18D2ECF700D14D0C</string>
				<string>CEDB7C8E18D2ECF700D14D0C</string>
				<string>CEDB7C8F18D2ECF700D14D0C</string>
			</array>
			<key>buildRules</key>
			<array/>
			<key>dependencies</key>
			<array>
				<string>CEDB7C9718D2ECF700D14D0C</string>
			</array>
			<key>isa</key>
			<string>PBXNativeTarget</string>
			<key>name</key>
			<string>PIXNET-iOS-SDKTests</string>
			<key>productName</key>
			<string>PIXNET-iOS-SDKTests</string>
			<key>productReference</key>
			<string>CEDB7C9118D2ECF700D14D0C</string>
			<key>productType</key>
			<string>com.apple.product-type.bundle.unit-test</string>
		</dict>
		<key>CEDB7C9118D2ECF700D14D0C</key>
		<dict>
			<key>explicitFileType</key>
			<string>wrapper.cfbundle</string>
			<key>includeInIndex</key>
			<string>0</string>
			<key>isa</key>
			<string>PBXFileReference</string>
			<key>path</key>
			<string>PIXNET-iOS-SDKTests.xctest</string>
			<key>sourceTree</key>
			<string>BUILT_PRODUCTS_DIR</string>
		</dict>
		<key>CEDB7C9218D2ECF700D14D0C</key>
		<dict>
			<key>isa</key>
			<string>PBXFileReference</string>
			<key>lastKnownFileType</key>
			<string>wrapper.framework</string>
			<key>name</key>
			<string>XCTest.framework</string>
			<key>path</key>
			<string>Library/Frameworks/XCTest.framework</string>
			<key>sourceTree</key>
			<string>DEVELOPER_DIR</string>
		</dict>
		<key>CEDB7C9318D2ECF700D14D0C</key>
		<dict>
			<key>fileRef</key>
			<string>CEDB7C9218D2ECF700D14D0C</string>
			<key>isa</key>
			<string>PBXBuildFile</string>
		</dict>
		<key>CEDB7C9418D2ECF700D14D0C</key>
		<dict>
			<key>fileRef</key>
			<string>CEDB7C7918D2ECF700D14D0C</string>
			<key>isa</key>
			<string>PBXBuildFile</string>
		</dict>
		<key>CEDB7C9518D2ECF700D14D0C</key>
		<dict>
			<key>fileRef</key>
			<string>CEDB7C7D18D2ECF700D14D0C</string>
			<key>isa</key>
			<string>PBXBuildFile</string>
		</dict>
		<key>CEDB7C9618D2ECF700D14D0C</key>
		<dict>
			<key>containerPortal</key>
			<string>CEDB7C6E18D2ECF700D14D0C</string>
			<key>isa</key>
			<string>PBXContainerItemProxy</string>
			<key>proxyType</key>
			<string>1</string>
			<key>remoteGlobalIDString</key>
			<string>CEDB7C7518D2ECF700D14D0C</string>
			<key>remoteInfo</key>
			<string>PIXNET-iOS-SDK</string>
		</dict>
		<key>CEDB7C9718D2ECF700D14D0C</key>
		<dict>
			<key>isa</key>
			<string>PBXTargetDependency</string>
			<key>target</key>
			<string>CEDB7C7518D2ECF700D14D0C</string>
			<key>targetProxy</key>
			<string>CEDB7C9618D2ECF700D14D0C</string>
		</dict>
		<key>CEDB7C9818D2ECF700D14D0C</key>
		<dict>
			<key>children</key>
			<array>
				<string>CEDB7C9918D2ECF700D14D0C</string>
				<string>50845DAA18F4F1B3000813AF</string>
				<string>CED461A31910D4C7003A96C2</string>
				<string>CED461A41910D4C7003A96C2</string>
				<string>CE3A34DF18FE53770039A1BC</string>
				<string>CEE68D8A18FF6A64004AE5FC</string>
				<string>CEDD79FD194599EE00F0457A</string>
				<string>CED9C39F19484C2200D522CD</string>
				<string>CEECBD6A1917340B00CC98C4</string>
				<string>CE7BDD41193EF61D008C8A32</string>
				<string>4A81A745195014C0004DE00E</string>
				<string>4A81A74719503FBF004DE00E</string>
				<string>CED60D8919624BFB0080A7D1</string>
				<string>CED461591910C1CD003A96C2</string>
				<string>CE3A34E118FE56760039A1BC</string>
				<string>CE3A34E218FE56760039A1BC</string>
				<string>82FAA07C4307688FAC5E4848</string>
			</array>
			<key>isa</key>
			<string>PBXGroup</string>
			<key>path</key>
			<string>PIXNET-iOS-SDKTests</string>
			<key>sourceTree</key>
			<string>&lt;group&gt;</string>
		</dict>
		<key>CEDB7C9918D2ECF700D14D0C</key>
		<dict>
			<key>children</key>
			<array>
				<string>CEDB7C9A18D2ECF700D14D0C</string>
				<string>CEDB7C9B18D2ECF700D14D0C</string>
			</array>
			<key>isa</key>
			<string>PBXGroup</string>
			<key>name</key>
			<string>Supporting Files</string>
			<key>sourceTree</key>
			<string>&lt;group&gt;</string>
		</dict>
		<key>CEDB7C9A18D2ECF700D14D0C</key>
		<dict>
			<key>isa</key>
			<string>PBXFileReference</string>
			<key>lastKnownFileType</key>
			<string>text.plist.xml</string>
			<key>path</key>
			<string>PIXNET-iOS-SDKTests-Info.plist</string>
			<key>sourceTree</key>
			<string>&lt;group&gt;</string>
		</dict>
		<key>CEDB7C9B18D2ECF700D14D0C</key>
		<dict>
			<key>children</key>
			<array>
				<string>CEDB7C9C18D2ECF700D14D0C</string>
			</array>
			<key>isa</key>
			<string>PBXVariantGroup</string>
			<key>name</key>
			<string>InfoPlist.strings</string>
			<key>sourceTree</key>
			<string>&lt;group&gt;</string>
		</dict>
		<key>CEDB7C9C18D2ECF700D14D0C</key>
		<dict>
			<key>isa</key>
			<string>PBXFileReference</string>
			<key>lastKnownFileType</key>
			<string>text.plist.strings</string>
			<key>name</key>
			<string>en</string>
			<key>path</key>
			<string>en.lproj/InfoPlist.strings</string>
			<key>sourceTree</key>
			<string>&lt;group&gt;</string>
		</dict>
		<key>CEDB7C9D18D2ECF700D14D0C</key>
		<dict>
			<key>fileRef</key>
			<string>CEDB7C9B18D2ECF700D14D0C</string>
			<key>isa</key>
			<string>PBXBuildFile</string>
		</dict>
		<key>CEDB7CA018D2ECF700D14D0C</key>
		<dict>
			<key>buildSettings</key>
			<dict>
				<key>ALWAYS_SEARCH_USER_PATHS</key>
				<string>NO</string>
				<key>CLANG_CXX_LANGUAGE_STANDARD</key>
				<string>gnu++0x</string>
				<key>CLANG_CXX_LIBRARY</key>
				<string>libc++</string>
				<key>CLANG_ENABLE_MODULES</key>
				<string>YES</string>
				<key>CLANG_ENABLE_OBJC_ARC</key>
				<string>YES</string>
				<key>CLANG_WARN_BOOL_CONVERSION</key>
				<string>YES</string>
				<key>CLANG_WARN_CONSTANT_CONVERSION</key>
				<string>YES</string>
				<key>CLANG_WARN_DIRECT_OBJC_ISA_USAGE</key>
				<string>YES_ERROR</string>
				<key>CLANG_WARN_EMPTY_BODY</key>
				<string>YES</string>
				<key>CLANG_WARN_ENUM_CONVERSION</key>
				<string>YES</string>
				<key>CLANG_WARN_INT_CONVERSION</key>
				<string>YES</string>
				<key>CLANG_WARN_OBJC_ROOT_CLASS</key>
				<string>YES_ERROR</string>
				<key>CLANG_WARN__DUPLICATE_METHOD_MATCH</key>
				<string>YES</string>
				<key>CODE_SIGN_IDENTITY[sdk=iphoneos*]</key>
				<string>iPhone Developer</string>
				<key>COPY_PHASE_STRIP</key>
				<string>NO</string>
				<key>GCC_C_LANGUAGE_STANDARD</key>
				<string>gnu99</string>
				<key>GCC_DYNAMIC_NO_PIC</key>
				<string>NO</string>
				<key>GCC_OPTIMIZATION_LEVEL</key>
				<string>0</string>
				<key>GCC_PREPROCESSOR_DEFINITIONS</key>
				<array>
					<string>DEBUG=1</string>
					<string>$(inherited)</string>
				</array>
				<key>GCC_SYMBOLS_PRIVATE_EXTERN</key>
				<string>NO</string>
				<key>GCC_WARN_64_TO_32_BIT_CONVERSION</key>
				<string>YES</string>
				<key>GCC_WARN_ABOUT_RETURN_TYPE</key>
				<string>YES_ERROR</string>
				<key>GCC_WARN_UNDECLARED_SELECTOR</key>
				<string>YES</string>
				<key>GCC_WARN_UNINITIALIZED_AUTOS</key>
				<string>YES_AGGRESSIVE</string>
				<key>GCC_WARN_UNUSED_FUNCTION</key>
				<string>YES</string>
				<key>GCC_WARN_UNUSED_VARIABLE</key>
				<string>YES</string>
				<key>IPHONEOS_DEPLOYMENT_TARGET</key>
				<string>7.1</string>
				<key>ONLY_ACTIVE_ARCH</key>
				<string>YES</string>
				<key>SDKROOT</key>
				<string>iphoneos</string>
			</dict>
			<key>isa</key>
			<string>XCBuildConfiguration</string>
			<key>name</key>
			<string>Debug</string>
		</dict>
		<key>CEDB7CA118D2ECF700D14D0C</key>
		<dict>
			<key>buildSettings</key>
			<dict>
				<key>ALWAYS_SEARCH_USER_PATHS</key>
				<string>NO</string>
				<key>CLANG_CXX_LANGUAGE_STANDARD</key>
				<string>gnu++0x</string>
				<key>CLANG_CXX_LIBRARY</key>
				<string>libc++</string>
				<key>CLANG_ENABLE_MODULES</key>
				<string>YES</string>
				<key>CLANG_ENABLE_OBJC_ARC</key>
				<string>YES</string>
				<key>CLANG_WARN_BOOL_CONVERSION</key>
				<string>YES</string>
				<key>CLANG_WARN_CONSTANT_CONVERSION</key>
				<string>YES</string>
				<key>CLANG_WARN_DIRECT_OBJC_ISA_USAGE</key>
				<string>YES_ERROR</string>
				<key>CLANG_WARN_EMPTY_BODY</key>
				<string>YES</string>
				<key>CLANG_WARN_ENUM_CONVERSION</key>
				<string>YES</string>
				<key>CLANG_WARN_INT_CONVERSION</key>
				<string>YES</string>
				<key>CLANG_WARN_OBJC_ROOT_CLASS</key>
				<string>YES_ERROR</string>
				<key>CLANG_WARN__DUPLICATE_METHOD_MATCH</key>
				<string>YES</string>
				<key>CODE_SIGN_IDENTITY[sdk=iphoneos*]</key>
				<string>iPhone Developer</string>
				<key>COPY_PHASE_STRIP</key>
				<string>YES</string>
				<key>ENABLE_NS_ASSERTIONS</key>
				<string>NO</string>
				<key>GCC_C_LANGUAGE_STANDARD</key>
				<string>gnu99</string>
				<key>GCC_WARN_64_TO_32_BIT_CONVERSION</key>
				<string>YES</string>
				<key>GCC_WARN_ABOUT_RETURN_TYPE</key>
				<string>YES_ERROR</string>
				<key>GCC_WARN_UNDECLARED_SELECTOR</key>
				<string>YES</string>
				<key>GCC_WARN_UNINITIALIZED_AUTOS</key>
				<string>YES_AGGRESSIVE</string>
				<key>GCC_WARN_UNUSED_FUNCTION</key>
				<string>YES</string>
				<key>GCC_WARN_UNUSED_VARIABLE</key>
				<string>YES</string>
				<key>IPHONEOS_DEPLOYMENT_TARGET</key>
				<string>7.1</string>
				<key>SDKROOT</key>
				<string>iphoneos</string>
				<key>VALIDATE_PRODUCT</key>
				<string>YES</string>
			</dict>
			<key>isa</key>
			<string>XCBuildConfiguration</string>
			<key>name</key>
			<string>Release</string>
		</dict>
		<key>CEDB7CA218D2ECF700D14D0C</key>
		<dict>
			<key>buildConfigurations</key>
			<array>
				<string>CEDB7CA318D2ECF700D14D0C</string>
				<string>CEDB7CA418D2ECF700D14D0C</string>
			</array>
			<key>defaultConfigurationIsVisible</key>
			<string>0</string>
			<key>defaultConfigurationName</key>
			<string>Release</string>
			<key>isa</key>
			<string>XCConfigurationList</string>
		</dict>
		<key>CEDB7CA318D2ECF700D14D0C</key>
		<dict>
			<key>baseConfigurationReference</key>
			<string>3579548D2E7221A1D76A0CB5</string>
			<key>buildSettings</key>
			<dict>
				<key>ASSETCATALOG_COMPILER_APPICON_NAME</key>
				<string>AppIcon</string>
				<key>ASSETCATALOG_COMPILER_LAUNCHIMAGE_NAME</key>
				<string>LaunchImage</string>
				<key>GCC_PRECOMPILE_PREFIX_HEADER</key>
				<string>YES</string>
				<key>GCC_PREFIX_HEADER</key>
				<string>PIXNET-iOS-SDK/PIXNET-iOS-SDK-Prefix.pch</string>
				<key>INFOPLIST_FILE</key>
				<string>PIXNET-iOS-SDK/PIXNET-iOS-SDK-Info.plist</string>
				<key>PRODUCT_NAME</key>
				<string>$(TARGET_NAME)</string>
				<key>WRAPPER_EXTENSION</key>
				<string>app</string>
			</dict>
			<key>isa</key>
			<string>XCBuildConfiguration</string>
			<key>name</key>
			<string>Debug</string>
		</dict>
		<key>CEDB7CA418D2ECF700D14D0C</key>
		<dict>
			<key>baseConfigurationReference</key>
			<string>E5621253DC60E57D3B87C086</string>
			<key>buildSettings</key>
			<dict>
				<key>ASSETCATALOG_COMPILER_APPICON_NAME</key>
				<string>AppIcon</string>
				<key>ASSETCATALOG_COMPILER_LAUNCHIMAGE_NAME</key>
				<string>LaunchImage</string>
				<key>GCC_PRECOMPILE_PREFIX_HEADER</key>
				<string>YES</string>
				<key>GCC_PREFIX_HEADER</key>
				<string>PIXNET-iOS-SDK/PIXNET-iOS-SDK-Prefix.pch</string>
				<key>INFOPLIST_FILE</key>
				<string>PIXNET-iOS-SDK/PIXNET-iOS-SDK-Info.plist</string>
				<key>PRODUCT_NAME</key>
				<string>$(TARGET_NAME)</string>
				<key>WRAPPER_EXTENSION</key>
				<string>app</string>
			</dict>
			<key>isa</key>
			<string>XCBuildConfiguration</string>
			<key>name</key>
			<string>Release</string>
		</dict>
		<key>CEDB7CA518D2ECF700D14D0C</key>
		<dict>
			<key>buildConfigurations</key>
			<array>
				<string>CEDB7CA618D2ECF700D14D0C</string>
				<string>CEDB7CA718D2ECF700D14D0C</string>
			</array>
			<key>defaultConfigurationIsVisible</key>
			<string>0</string>
			<key>defaultConfigurationName</key>
			<string>Release</string>
			<key>isa</key>
			<string>XCConfigurationList</string>
		</dict>
		<key>CEDB7CA618D2ECF700D14D0C</key>
		<dict>
			<key>buildSettings</key>
			<dict>
				<key>BUNDLE_LOADER</key>
				<string>$(BUILT_PRODUCTS_DIR)/PIXNET-iOS-SDK.app/PIXNET-iOS-SDK</string>
				<key>FRAMEWORK_SEARCH_PATHS</key>
				<array>
					<string>$(SDKROOT)/Developer/Library/Frameworks</string>
					<string>$(inherited)</string>
					<string>$(DEVELOPER_FRAMEWORKS_DIR)</string>
				</array>
				<key>GCC_PRECOMPILE_PREFIX_HEADER</key>
				<string>YES</string>
				<key>GCC_PREFIX_HEADER</key>
				<string>PIXNET-iOS-SDK/PIXNET-iOS-SDK-Prefix.pch</string>
				<key>GCC_PREPROCESSOR_DEFINITIONS</key>
				<array>
					<string>DEBUG=1</string>
					<string>$(inherited)</string>
				</array>
				<key>INFOPLIST_FILE</key>
				<string>PIXNET-iOS-SDKTests/PIXNET-iOS-SDKTests-Info.plist</string>
				<key>PRODUCT_NAME</key>
				<string>$(TARGET_NAME)</string>
				<key>TEST_HOST</key>
				<string>$(BUNDLE_LOADER)</string>
				<key>WRAPPER_EXTENSION</key>
				<string>xctest</string>
			</dict>
			<key>isa</key>
			<string>XCBuildConfiguration</string>
			<key>name</key>
			<string>Debug</string>
		</dict>
		<key>CEDB7CA718D2ECF700D14D0C</key>
		<dict>
			<key>buildSettings</key>
			<dict>
				<key>BUNDLE_LOADER</key>
				<string>$(BUILT_PRODUCTS_DIR)/PIXNET-iOS-SDK.app/PIXNET-iOS-SDK</string>
				<key>FRAMEWORK_SEARCH_PATHS</key>
				<array>
					<string>$(SDKROOT)/Developer/Library/Frameworks</string>
					<string>$(inherited)</string>
					<string>$(DEVELOPER_FRAMEWORKS_DIR)</string>
				</array>
				<key>GCC_PRECOMPILE_PREFIX_HEADER</key>
				<string>YES</string>
				<key>GCC_PREFIX_HEADER</key>
				<string>PIXNET-iOS-SDK/PIXNET-iOS-SDK-Prefix.pch</string>
				<key>INFOPLIST_FILE</key>
				<string>PIXNET-iOS-SDKTests/PIXNET-iOS-SDKTests-Info.plist</string>
				<key>PRODUCT_NAME</key>
				<string>$(TARGET_NAME)</string>
				<key>TEST_HOST</key>
				<string>$(BUNDLE_LOADER)</string>
				<key>WRAPPER_EXTENSION</key>
				<string>xctest</string>
			</dict>
			<key>isa</key>
			<string>XCBuildConfiguration</string>
			<key>name</key>
			<string>Release</string>
		</dict>
		<key>CEDB7CA818D2F7A600D14D0C</key>
		<dict>
			<key>children</key>
			<array>
				<string>CEDCD0E718F3ABF700B32ACC</string>
				<string>CEDCD0E818F3ABF700B32ACC</string>
				<string>CEDB7CB318D2F83B00D14D0C</string>
				<string>CEDB7CB218D2F82300D14D0C</string>
			</array>
			<key>isa</key>
			<string>PBXGroup</string>
			<key>name</key>
			<string>Classes</string>
			<key>sourceTree</key>
			<string>&lt;group&gt;</string>
		</dict>
		<key>CEDB7CB218D2F82300D14D0C</key>
		<dict>
			<key>children</key>
			<array>
				<string>CED60D9F1962920E0080A7D1</string>
				<string>CED4619D1910D4A0003A96C2</string>
				<string>CED4619E1910D4A0003A96C2</string>
				<string>CED4619F1910D4A0003A96C2</string>
				<string>CED461A01910D4A0003A96C2</string>
				<string>CEDCD0F318F3AD6800B32ACC</string>
				<string>CEDCD0F418F3AD6800B32ACC</string>
				<string>CEDCD0F518F3AD6800B32ACC</string>
				<string>CEDCD0F618F3AD6800B32ACC</string>
				<string>CEDCD0F718F3AD6800B32ACC</string>
				<string>CEDCD0F818F3AD6800B32ACC</string>
				<string>CED5FB9219610C2B0037D268</string>
				<string>CED5FB9319610C2B0037D268</string>
				<string>CED7894C19590B0600E29037</string>
				<string>CED7894D19590B0600E29037</string>
				<string>CEDCD0F918F3AD6800B32ACC</string>
				<string>CEDCD0FA18F3AD6800B32ACC</string>
				<string>CE46037D18F6766A00A3BF84</string>
				<string>CE46037E18F6766A00A3BF84</string>
			</array>
			<key>isa</key>
			<string>PBXGroup</string>
			<key>name</key>
			<string>NetworkHandle</string>
			<key>sourceTree</key>
			<string>&lt;group&gt;</string>
		</dict>
		<key>CEDB7CB318D2F83B00D14D0C</key>
		<dict>
			<key>children</key>
			<array>
				<string>CEDCD0FF18F3AD7E00B32ACC</string>
				<string>CEDCD10018F3AD7E00B32ACC</string>
				<string>CE7BDD3E193EEF53008C8A32</string>
				<string>CE7BDD3F193EEF53008C8A32</string>
				<string>CEDCD0EA18F3AC5400B32ACC</string>
				<string>CEDCD0EB18F3AC5400B32ACC</string>
				<string>CEDCD0EC18F3AC5400B32ACC</string>
				<string>CEDCD0ED18F3AC5400B32ACC</string>
				<string>CE46038018F6767600A3BF84</string>
				<string>CE46038118F6767600A3BF84</string>
				<string>619C09D818FD1DF900325991</string>
				<string>619C09D918FD1DF900325991</string>
				<string>619C09DB18FD235300325991</string>
				<string>619C09DC18FD235300325991</string>
				<string>619C09DE18FD237400325991</string>
				<string>619C09DF18FD237400325991</string>
				<string>4A81A742194FF1E7004DE00E</string>
				<string>4A81A743194FF1E7004DE00E</string>
			</array>
			<key>isa</key>
			<string>PBXGroup</string>
			<key>name</key>
			<string>APIHandle</string>
			<key>sourceTree</key>
			<string>&lt;group&gt;</string>
		</dict>
		<key>CEDCD0E718F3ABF700B32ACC</key>
		<dict>
			<key>fileEncoding</key>
			<string>4</string>
			<key>isa</key>
			<string>PBXFileReference</string>
			<key>lastKnownFileType</key>
			<string>sourcecode.c.h</string>
			<key>name</key>
			<string>PIXNETSDK.h</string>
			<key>path</key>
			<string>Classes/PIXNETSDK.h</string>
			<key>sourceTree</key>
			<string>&lt;group&gt;</string>
		</dict>
		<key>CEDCD0E818F3ABF700B32ACC</key>
		<dict>
			<key>fileEncoding</key>
			<string>4</string>
			<key>isa</key>
			<string>PBXFileReference</string>
			<key>lastKnownFileType</key>
			<string>sourcecode.c.objc</string>
			<key>name</key>
			<string>PIXNETSDK.m</string>
			<key>path</key>
			<string>Classes/PIXNETSDK.m</string>
			<key>sourceTree</key>
			<string>&lt;group&gt;</string>
		</dict>
		<key>CEDCD0E918F3ABF700B32ACC</key>
		<dict>
			<key>fileRef</key>
			<string>CEDCD0E818F3ABF700B32ACC</string>
			<key>isa</key>
			<string>PBXBuildFile</string>
		</dict>
		<key>CEDCD0EA18F3AC5400B32ACC</key>
		<dict>
			<key>fileEncoding</key>
			<string>4</string>
			<key>isa</key>
			<string>PBXFileReference</string>
			<key>lastKnownFileType</key>
			<string>sourcecode.c.h</string>
			<key>name</key>
			<string>PIXAlbum.h</string>
			<key>path</key>
			<string>Classes/PIXAlbum.h</string>
			<key>sourceTree</key>
			<string>&lt;group&gt;</string>
		</dict>
		<key>CEDCD0EB18F3AC5400B32ACC</key>
		<dict>
			<key>fileEncoding</key>
			<string>4</string>
			<key>isa</key>
			<string>PBXFileReference</string>
			<key>lastKnownFileType</key>
			<string>sourcecode.c.objc</string>
			<key>name</key>
			<string>PIXAlbum.m</string>
			<key>path</key>
			<string>Classes/PIXAlbum.m</string>
			<key>sourceTree</key>
			<string>&lt;group&gt;</string>
		</dict>
		<key>CEDCD0EC18F3AC5400B32ACC</key>
		<dict>
			<key>fileEncoding</key>
			<string>4</string>
			<key>isa</key>
			<string>PBXFileReference</string>
			<key>lastKnownFileType</key>
			<string>sourcecode.c.h</string>
			<key>name</key>
			<string>PIXBlog.h</string>
			<key>path</key>
			<string>Classes/PIXBlog.h</string>
			<key>sourceTree</key>
			<string>&lt;group&gt;</string>
		</dict>
		<key>CEDCD0ED18F3AC5400B32ACC</key>
		<dict>
			<key>fileEncoding</key>
			<string>4</string>
			<key>isa</key>
			<string>PBXFileReference</string>
			<key>lastKnownFileType</key>
			<string>sourcecode.c.objc</string>
			<key>name</key>
			<string>PIXBlog.m</string>
			<key>path</key>
			<string>Classes/PIXBlog.m</string>
			<key>sourceTree</key>
			<string>&lt;group&gt;</string>
		</dict>
		<key>CEDCD0EE18F3AC5400B32ACC</key>
		<dict>
			<key>fileRef</key>
			<string>CEDCD0EB18F3AC5400B32ACC</string>
			<key>isa</key>
			<string>PBXBuildFile</string>
		</dict>
		<key>CEDCD0EF18F3AC5400B32ACC</key>
		<dict>
			<key>fileRef</key>
			<string>CEDCD0ED18F3AC5400B32ACC</string>
			<key>isa</key>
			<string>PBXBuildFile</string>
		</dict>
		<key>CEDCD0F318F3AD6800B32ACC</key>
		<dict>
			<key>fileEncoding</key>
			<string>4</string>
			<key>isa</key>
			<string>PBXFileReference</string>
			<key>lastKnownFileType</key>
			<string>sourcecode.c.h</string>
			<key>name</key>
			<string>NSMutableURLRequest+PIXCategory.h</string>
			<key>path</key>
			<string>Classes/NSMutableURLRequest+PIXCategory.h</string>
			<key>sourceTree</key>
			<string>&lt;group&gt;</string>
		</dict>
		<key>CEDCD0F418F3AD6800B32ACC</key>
		<dict>
			<key>fileEncoding</key>
			<string>4</string>
			<key>isa</key>
			<string>PBXFileReference</string>
			<key>lastKnownFileType</key>
			<string>sourcecode.c.objc</string>
			<key>name</key>
			<string>NSMutableURLRequest+PIXCategory.m</string>
			<key>path</key>
			<string>Classes/NSMutableURLRequest+PIXCategory.m</string>
			<key>sourceTree</key>
			<string>&lt;group&gt;</string>
		</dict>
		<key>CEDCD0F518F3AD6800B32ACC</key>
		<dict>
			<key>fileEncoding</key>
			<string>4</string>
			<key>isa</key>
			<string>PBXFileReference</string>
			<key>lastKnownFileType</key>
			<string>sourcecode.c.h</string>
			<key>name</key>
			<string>OARequestParameter.h</string>
			<key>path</key>
			<string>Classes/OARequestParameter.h</string>
			<key>sourceTree</key>
			<string>&lt;group&gt;</string>
		</dict>
		<key>CEDCD0F618F3AD6800B32ACC</key>
		<dict>
			<key>fileEncoding</key>
			<string>4</string>
			<key>isa</key>
			<string>PBXFileReference</string>
			<key>lastKnownFileType</key>
			<string>sourcecode.c.objc</string>
			<key>name</key>
			<string>OARequestParameter.m</string>
			<key>path</key>
			<string>Classes/OARequestParameter.m</string>
			<key>sourceTree</key>
			<string>&lt;group&gt;</string>
		</dict>
		<key>CEDCD0F718F3AD6800B32ACC</key>
		<dict>
			<key>fileEncoding</key>
			<string>4</string>
			<key>isa</key>
			<string>PBXFileReference</string>
			<key>lastKnownFileType</key>
			<string>sourcecode.c.h</string>
			<key>name</key>
			<string>PIXAPIHandler.h</string>
			<key>path</key>
			<string>Classes/PIXAPIHandler.h</string>
			<key>sourceTree</key>
			<string>&lt;group&gt;</string>
		</dict>
		<key>CEDCD0F818F3AD6800B32ACC</key>
		<dict>
			<key>fileEncoding</key>
			<string>4</string>
			<key>isa</key>
			<string>PBXFileReference</string>
			<key>lastKnownFileType</key>
			<string>sourcecode.c.objc</string>
			<key>name</key>
			<string>PIXAPIHandler.m</string>
			<key>path</key>
			<string>Classes/PIXAPIHandler.m</string>
			<key>sourceTree</key>
			<string>&lt;group&gt;</string>
		</dict>
		<key>CEDCD0F918F3AD6800B32ACC</key>
		<dict>
			<key>fileEncoding</key>
			<string>4</string>
			<key>isa</key>
			<string>PBXFileReference</string>
			<key>lastKnownFileType</key>
			<string>sourcecode.c.h</string>
			<key>name</key>
			<string>PIXCredentialStorage.h</string>
			<key>path</key>
			<string>Classes/PIXCredentialStorage.h</string>
			<key>sourceTree</key>
			<string>&lt;group&gt;</string>
		</dict>
		<key>CEDCD0FA18F3AD6800B32ACC</key>
		<dict>
			<key>fileEncoding</key>
			<string>4</string>
			<key>isa</key>
			<string>PBXFileReference</string>
			<key>lastKnownFileType</key>
			<string>sourcecode.c.objc</string>
			<key>name</key>
			<string>PIXCredentialStorage.m</string>
			<key>path</key>
			<string>Classes/PIXCredentialStorage.m</string>
			<key>sourceTree</key>
			<string>&lt;group&gt;</string>
		</dict>
		<key>CEDCD0FB18F3AD6800B32ACC</key>
		<dict>
			<key>fileRef</key>
			<string>CEDCD0F418F3AD6800B32ACC</string>
			<key>isa</key>
			<string>PBXBuildFile</string>
		</dict>
		<key>CEDCD0FC18F3AD6800B32ACC</key>
		<dict>
			<key>fileRef</key>
			<string>CEDCD0F618F3AD6800B32ACC</string>
			<key>isa</key>
			<string>PBXBuildFile</string>
		</dict>
		<key>CEDCD0FD18F3AD6800B32ACC</key>
		<dict>
			<key>fileRef</key>
			<string>CEDCD0F818F3AD6800B32ACC</string>
			<key>isa</key>
			<string>PBXBuildFile</string>
		</dict>
		<key>CEDCD0FE18F3AD6800B32ACC</key>
		<dict>
			<key>fileRef</key>
			<string>CEDCD0FA18F3AD6800B32ACC</string>
			<key>isa</key>
			<string>PBXBuildFile</string>
		</dict>
		<key>CEDCD0FF18F3AD7E00B32ACC</key>
		<dict>
			<key>fileEncoding</key>
			<string>4</string>
			<key>isa</key>
			<string>PBXFileReference</string>
			<key>lastKnownFileType</key>
			<string>sourcecode.c.h</string>
			<key>name</key>
			<string>PIXUser.h</string>
			<key>path</key>
			<string>Classes/PIXUser.h</string>
			<key>sourceTree</key>
			<string>&lt;group&gt;</string>
		</dict>
		<key>CEDCD10018F3AD7E00B32ACC</key>
		<dict>
			<key>fileEncoding</key>
			<string>4</string>
			<key>isa</key>
			<string>PBXFileReference</string>
			<key>lastKnownFileType</key>
			<string>sourcecode.c.objc</string>
			<key>name</key>
			<string>PIXUser.m</string>
			<key>path</key>
			<string>Classes/PIXUser.m</string>
			<key>sourceTree</key>
			<string>&lt;group&gt;</string>
		</dict>
		<key>CEDCD10118F3AD7E00B32ACC</key>
		<dict>
			<key>fileRef</key>
			<string>CEDCD10018F3AD7E00B32ACC</string>
			<key>isa</key>
			<string>PBXBuildFile</string>
		</dict>
		<key>CEDD79FD194599EE00F0457A</key>
		<dict>
			<key>fileEncoding</key>
			<string>4</string>
			<key>isa</key>
			<string>PBXFileReference</string>
			<key>lastKnownFileType</key>
			<string>sourcecode.c.objc</string>
			<key>path</key>
			<string>PIXGuestbookTests.m</string>
			<key>sourceTree</key>
			<string>&lt;group&gt;</string>
		</dict>
		<key>CEDD79FE194599EE00F0457A</key>
		<dict>
			<key>fileRef</key>
			<string>CEDD79FD194599EE00F0457A</string>
			<key>isa</key>
			<string>PBXBuildFile</string>
		</dict>
		<key>CEDD93C81A77673900C7C34B</key>
		<dict>
			<key>children</key>
			<array>
				<string>CEDD93CB1A77673900C7C34B</string>
				<string>CEDD93C91A77673900C7C34B</string>
			</array>
			<key>isa</key>
			<string>PBXGroup</string>
			<key>path</key>
			<string>PIXNET-iOS-SDK SpectaTests</string>
			<key>sourceTree</key>
			<string>&lt;group&gt;</string>
		</dict>
		<key>CEDD93C91A77673900C7C34B</key>
		<dict>
			<key>children</key>
			<array>
				<string>CEDD93CA1A77673900C7C34B</string>
			</array>
			<key>isa</key>
			<string>PBXGroup</string>
			<key>name</key>
			<string>Supporting Files</string>
			<key>sourceTree</key>
			<string>&lt;group&gt;</string>
		</dict>
		<key>CEDD93CA1A77673900C7C34B</key>
		<dict>
			<key>isa</key>
			<string>PBXFileReference</string>
			<key>lastKnownFileType</key>
			<string>text.plist.xml</string>
			<key>path</key>
			<string>Info.plist</string>
			<key>sourceTree</key>
			<string>&lt;group&gt;</string>
		</dict>
		<key>CEDD93CB1A77673900C7C34B</key>
		<dict>
			<key>isa</key>
			<string>PBXFileReference</string>
			<key>lastKnownFileType</key>
			<string>sourcecode.c.objc</string>
			<key>path</key>
			<string>PIXNET_iOS_SDK_SpectaTests.m</string>
			<key>sourceTree</key>
			<string>&lt;group&gt;</string>
		</dict>
		<key>CEDD93D21A7767B600C7C34B</key>
		<dict>
			<key>buildActionMask</key>
			<string>2147483647</string>
			<key>files</key>
			<array>
				<string>CEDD93DB1A7767B600C7C34B</string>
			</array>
			<key>isa</key>
			<string>PBXSourcesBuildPhase</string>
			<key>runOnlyForDeploymentPostprocessing</key>
			<string>0</string>
		</dict>
		<key>CEDD93D31A7767B600C7C34B</key>
		<dict>
			<key>buildActionMask</key>
			<string>2147483647</string>
			<key>files</key>
			<array>
				<string>8255907BF4A050F46A1C470D</string>
			</array>
			<key>isa</key>
			<string>PBXFrameworksBuildPhase</string>
			<key>runOnlyForDeploymentPostprocessing</key>
			<string>0</string>
		</dict>
		<key>CEDD93D41A7767B600C7C34B</key>
		<dict>
			<key>buildActionMask</key>
			<string>2147483647</string>
			<key>files</key>
			<array/>
			<key>isa</key>
			<string>PBXResourcesBuildPhase</string>
			<key>runOnlyForDeploymentPostprocessing</key>
			<string>0</string>
		</dict>
		<key>CEDD93D51A7767B600C7C34B</key>
		<dict>
			<key>buildConfigurationList</key>
			<string>CEDD93DE1A7767B600C7C34B</string>
			<key>buildPhases</key>
			<array>
				<string>24C95BDB641BB7619492125E</string>
				<string>CEDD93D21A7767B600C7C34B</string>
				<string>CEDD93D31A7767B600C7C34B</string>
				<string>CEDD93D41A7767B600C7C34B</string>
				<string>6235ADCA2C85E76C14DCAD4B</string>
			</array>
			<key>buildRules</key>
			<array/>
			<key>dependencies</key>
			<array>
				<string>CEDD93DD1A7767B600C7C34B</string>
			</array>
			<key>isa</key>
			<string>PBXNativeTarget</string>
			<key>name</key>
			<string>SpectaTests</string>
			<key>productName</key>
			<string>SpectaTests</string>
			<key>productReference</key>
			<string>CEDD93D61A7767B600C7C34B</string>
			<key>productType</key>
			<string>com.apple.product-type.bundle.unit-test</string>
		</dict>
		<key>CEDD93D61A7767B600C7C34B</key>
		<dict>
			<key>explicitFileType</key>
			<string>wrapper.cfbundle</string>
			<key>includeInIndex</key>
			<string>0</string>
			<key>isa</key>
			<string>PBXFileReference</string>
			<key>path</key>
			<string>SpectaTests.xctest</string>
			<key>sourceTree</key>
			<string>BUILT_PRODUCTS_DIR</string>
		</dict>
		<key>CEDD93D71A7767B600C7C34B</key>
		<dict>
			<key>children</key>
			<array>
				<string>CEDD93DA1A7767B600C7C34B</string>
				<string>CEDD93D81A7767B600C7C34B</string>
			</array>
			<key>isa</key>
			<string>PBXGroup</string>
			<key>path</key>
			<string>SpectaTests</string>
			<key>sourceTree</key>
			<string>&lt;group&gt;</string>
		</dict>
		<key>CEDD93D81A7767B600C7C34B</key>
		<dict>
			<key>children</key>
			<array>
				<string>CEDD93D91A7767B600C7C34B</string>
			</array>
			<key>isa</key>
			<string>PBXGroup</string>
			<key>name</key>
			<string>Supporting Files</string>
			<key>sourceTree</key>
			<string>&lt;group&gt;</string>
		</dict>
		<key>CEDD93D91A7767B600C7C34B</key>
		<dict>
			<key>isa</key>
			<string>PBXFileReference</string>
			<key>lastKnownFileType</key>
			<string>text.plist.xml</string>
			<key>path</key>
			<string>Info.plist</string>
			<key>sourceTree</key>
			<string>&lt;group&gt;</string>
		</dict>
		<key>CEDD93DA1A7767B600C7C34B</key>
		<dict>
			<key>isa</key>
			<string>PBXFileReference</string>
			<key>lastKnownFileType</key>
			<string>sourcecode.c.objc</string>
			<key>path</key>
			<string>SpectaTests.m</string>
			<key>sourceTree</key>
			<string>&lt;group&gt;</string>
		</dict>
		<key>CEDD93DB1A7767B600C7C34B</key>
		<dict>
			<key>fileRef</key>
			<string>CEDD93DA1A7767B600C7C34B</string>
			<key>isa</key>
			<string>PBXBuildFile</string>
		</dict>
		<key>CEDD93DC1A7767B600C7C34B</key>
		<dict>
			<key>containerPortal</key>
			<string>CEDB7C6E18D2ECF700D14D0C</string>
			<key>isa</key>
			<string>PBXContainerItemProxy</string>
			<key>proxyType</key>
			<string>1</string>
			<key>remoteGlobalIDString</key>
			<string>CEDB7C7518D2ECF700D14D0C</string>
			<key>remoteInfo</key>
			<string>PIXNET-iOS-SDK</string>
		</dict>
		<key>CEDD93DD1A7767B600C7C34B</key>
		<dict>
			<key>isa</key>
			<string>PBXTargetDependency</string>
			<key>target</key>
			<string>CEDB7C7518D2ECF700D14D0C</string>
			<key>targetProxy</key>
			<string>CEDD93DC1A7767B600C7C34B</string>
		</dict>
		<key>CEDD93DE1A7767B600C7C34B</key>
		<dict>
			<key>buildConfigurations</key>
			<array>
				<string>CEDD93DF1A7767B600C7C34B</string>
				<string>CEDD93E01A7767B600C7C34B</string>
			</array>
			<key>defaultConfigurationIsVisible</key>
			<string>0</string>
			<key>isa</key>
			<string>XCConfigurationList</string>
		</dict>
		<key>CEDD93DF1A7767B600C7C34B</key>
		<dict>
			<key>baseConfigurationReference</key>
			<string>306AA7DFF3AD0190B4125D0D</string>
			<key>buildSettings</key>
			<dict>
				<key>BUNDLE_LOADER</key>
				<string>$(TEST_HOST)</string>
				<key>CLANG_WARN_UNREACHABLE_CODE</key>
				<string>YES</string>
				<key>ENABLE_STRICT_OBJC_MSGSEND</key>
				<string>YES</string>
				<key>FRAMEWORK_SEARCH_PATHS</key>
				<array>
					<string>$(SDKROOT)/Developer/Library/Frameworks</string>
					<string>$(inherited)</string>
				</array>
				<key>GCC_PREPROCESSOR_DEFINITIONS</key>
				<array>
					<string>DEBUG=1</string>
					<string>$(inherited)</string>
				</array>
				<key>INFOPLIST_FILE</key>
				<string>SpectaTests/Info.plist</string>
				<key>IPHONEOS_DEPLOYMENT_TARGET</key>
				<string>8.1</string>
				<key>LD_RUNPATH_SEARCH_PATHS</key>
				<string>$(inherited) @executable_path/Frameworks @loader_path/Frameworks</string>
				<key>MTL_ENABLE_DEBUG_INFO</key>
				<string>YES</string>
				<key>PRODUCT_NAME</key>
				<string>$(TARGET_NAME)</string>
				<key>TEST_HOST</key>
				<string>$(BUILT_PRODUCTS_DIR)/PIXNET-iOS-SDK.app/PIXNET-iOS-SDK</string>
			</dict>
			<key>isa</key>
			<string>XCBuildConfiguration</string>
			<key>name</key>
			<string>Debug</string>
		</dict>
		<key>CEDD93E01A7767B600C7C34B</key>
		<dict>
			<key>baseConfigurationReference</key>
			<string>4A18353F1D27682A155A8EDA</string>
			<key>buildSettings</key>
			<dict>
				<key>BUNDLE_LOADER</key>
				<string>$(TEST_HOST)</string>
				<key>CLANG_WARN_UNREACHABLE_CODE</key>
				<string>YES</string>
				<key>ENABLE_STRICT_OBJC_MSGSEND</key>
				<string>YES</string>
				<key>FRAMEWORK_SEARCH_PATHS</key>
				<array>
					<string>$(SDKROOT)/Developer/Library/Frameworks</string>
					<string>$(inherited)</string>
				</array>
				<key>INFOPLIST_FILE</key>
				<string>SpectaTests/Info.plist</string>
				<key>IPHONEOS_DEPLOYMENT_TARGET</key>
				<string>8.1</string>
				<key>LD_RUNPATH_SEARCH_PATHS</key>
				<string>$(inherited) @executable_path/Frameworks @loader_path/Frameworks</string>
				<key>MTL_ENABLE_DEBUG_INFO</key>
				<string>NO</string>
				<key>PRODUCT_NAME</key>
				<string>$(TARGET_NAME)</string>
				<key>TEST_HOST</key>
				<string>$(BUILT_PRODUCTS_DIR)/PIXNET-iOS-SDK.app/PIXNET-iOS-SDK</string>
			</dict>
			<key>isa</key>
			<string>XCBuildConfiguration</string>
			<key>name</key>
			<string>Release</string>
		</dict>
		<key>CEDF6BD418F51DB7001750D3</key>
		<dict>
			<key>buildConfigurationList</key>
			<string>CEDF6BD718F51DB7001750D3</string>
			<key>buildPhases</key>
			<array>
				<string>CEDF6BD818F51E92001750D3</string>
			</array>
			<key>dependencies</key>
			<array/>
			<key>isa</key>
			<string>PBXAggregateTarget</string>
			<key>name</key>
			<string>Documentation</string>
			<key>productName</key>
			<string>Documentation</string>
		</dict>
		<key>CEDF6BD518F51DB7001750D3</key>
		<dict>
			<key>buildSettings</key>
			<dict>
				<key>PRODUCT_NAME</key>
				<string>$(TARGET_NAME)</string>
			</dict>
			<key>isa</key>
			<string>XCBuildConfiguration</string>
			<key>name</key>
			<string>Debug</string>
		</dict>
		<key>CEDF6BD618F51DB7001750D3</key>
		<dict>
			<key>buildSettings</key>
			<dict>
				<key>PRODUCT_NAME</key>
				<string>$(TARGET_NAME)</string>
			</dict>
			<key>isa</key>
			<string>XCBuildConfiguration</string>
			<key>name</key>
			<string>Release</string>
		</dict>
		<key>CEDF6BD718F51DB7001750D3</key>
		<dict>
			<key>buildConfigurations</key>
			<array>
				<string>CEDF6BD518F51DB7001750D3</string>
				<string>CEDF6BD618F51DB7001750D3</string>
			</array>
			<key>defaultConfigurationIsVisible</key>
			<string>0</string>
			<key>defaultConfigurationName</key>
			<string>Release</string>
			<key>isa</key>
			<string>XCConfigurationList</string>
		</dict>
		<key>CEDF6BD818F51E92001750D3</key>
		<dict>
			<key>buildActionMask</key>
			<string>2147483647</string>
			<key>files</key>
			<array/>
			<key>inputPaths</key>
			<array/>
			<key>isa</key>
			<string>PBXShellScriptBuildPhase</string>
			<key>outputPaths</key>
			<array/>
			<key>runOnlyForDeploymentPostprocessing</key>
			<string>0</string>
			<key>shellPath</key>
			<string>/bin/sh</string>
			<key>shellScript</key>
			<string>#appledoc Xcode script
# Start constants
company="PIXNET";
companyID="net.pixnet";
companyURL="http://www.pixnet.net/";
target="iphoneos";
#target="macosx";
outputPath="~/help";
# End constants
/usr/local/bin/appledoc \
--project-name "${PROJECT_NAME}" \
--project-company "${company}" \
--company-id "${companyID}" \
--docset-atom-filename "${company}.atom" \
--docset-feed-url "${companyURL}/${company}/%DOCSETATOMFILENAME" \
--docset-package-url "${companyURL}/${company}/%DOCSETPACKAGEFILENAME" \
--docset-fallback-url "${companyURL}/${company}" \
--output "${outputPath}" \
--publish-docset \
--docset-platform-family "${target}" \
--logformat xcode \
--keep-intermediate-files \
--no-repeat-first-par \
--no-warn-invalid-crossref \
--exit-threshold 2 \
--ignore "*.m" \
"${PROJECT_DIR}"</string>
		</dict>
		<key>CEE68D8A18FF6A64004AE5FC</key>
		<dict>
			<key>fileEncoding</key>
			<string>4</string>
			<key>isa</key>
			<string>PBXFileReference</string>
			<key>lastKnownFileType</key>
			<string>sourcecode.c.objc</string>
			<key>path</key>
			<string>PIXAlbumTests.m</string>
			<key>sourceTree</key>
			<string>&lt;group&gt;</string>
		</dict>
		<key>CEE68D8B18FF6A64004AE5FC</key>
		<dict>
			<key>fileRef</key>
			<string>CEE68D8A18FF6A64004AE5FC</string>
			<key>isa</key>
			<string>PBXBuildFile</string>
		</dict>
		<key>CEECBD6A1917340B00CC98C4</key>
		<dict>
			<key>fileEncoding</key>
			<string>4</string>
			<key>isa</key>
			<string>PBXFileReference</string>
			<key>lastKnownFileType</key>
			<string>sourcecode.c.objc</string>
			<key>path</key>
			<string>PIXBlogTests.m</string>
			<key>sourceTree</key>
			<string>&lt;group&gt;</string>
		</dict>
		<key>CEECBD6B1917340B00CC98C4</key>
		<dict>
			<key>fileRef</key>
			<string>CEECBD6A1917340B00CC98C4</string>
			<key>isa</key>
			<string>PBXBuildFile</string>
		</dict>
		<key>D2C300279399403B84D4742C</key>
		<dict>
			<key>fileRef</key>
			<string>9CDB24BB1BB342F89ED09330</string>
			<key>isa</key>
			<string>PBXBuildFile</string>
		</dict>
		<key>E5621253DC60E57D3B87C086</key>
		<dict>
			<key>includeInIndex</key>
			<string>1</string>
			<key>isa</key>
			<string>PBXFileReference</string>
			<key>lastKnownFileType</key>
			<string>text.xcconfig</string>
			<key>name</key>
			<string>Pods.release.xcconfig</string>
			<key>path</key>
			<string>Pods/Target Support Files/Pods/Pods.release.xcconfig</string>
			<key>sourceTree</key>
			<string>&lt;group&gt;</string>
		</dict>
		<key>F9304BADE0392AAC667400D5</key>
		<dict>
			<key>includeInIndex</key>
			<string>1</string>
			<key>isa</key>
			<string>PBXFileReference</string>
			<key>lastKnownFileType</key>
			<string>text.xcconfig</string>
			<key>name</key>
			<string>Pods-KiwiTests.release.xcconfig</string>
			<key>path</key>
			<string>Pods/Target Support Files/Pods-KiwiTests/Pods-KiwiTests.release.xcconfig</string>
			<key>sourceTree</key>
			<string>&lt;group&gt;</string>
		</dict>
	</dict>
	<key>rootObject</key>
	<string>CEDB7C6E18D2ECF700D14D0C</string>
</dict>
</plist>
